// !$*UTF8*$!
{
	archiveVersion = 1;
	classes = {
	};
	objectVersion = 56;
	objects = {

/* Begin PBXBuildFile section */
		1F5AFAE62BF3A7A100C88A8E /* settings.js in Resources */ = {isa = PBXBuildFile; fileRef = 1F5AFABE2BF3A7A000C88A8E /* settings.js */; };
		1F5AFAE72BF3A7A100C88A8E /* chunk.node_modules_pmcrypto-v6-canary_node_modules_openpgp_dist_lightweight_native_interface_min_mjs.js in Resources */ = {isa = PBXBuildFile; fileRef = 1F5AFABF2BF3A7A000C88A8E /* chunk.node_modules_pmcrypto-v6-canary_node_modules_openpgp_dist_lightweight_native_interface_min_mjs.js */; };
		1F5AFAE82BF3A7A100C88A8E /* chunk.locales in Resources */ = {isa = PBXBuildFile; fileRef = 1F5AFAC02BF3A7A000C88A8E /* chunk.locales */; };
		1F5AFAE92BF3A7A100C88A8E /* onboarding.js in Resources */ = {isa = PBXBuildFile; fileRef = 1F5AFAC12BF3A7A000C88A8E /* onboarding.js */; };
		1F5AFAEA2BF3A7A100C88A8E /* chunk.node_modules_protontech_pass-rust-core_proton_pass_web_js.js in Resources */ = {isa = PBXBuildFile; fileRef = 1F5AFAC22BF3A7A000C88A8E /* chunk.node_modules_protontech_pass-rust-core_proton_pass_web_js.js */; };
		1F5AFAEB2BF3A7A100C88A8E /* chunk.node_modules_pmcrypto-v6-canary_node_modules_openpgp_dist_lightweight_argon2id_min_mjs.js in Resources */ = {isa = PBXBuildFile; fileRef = 1F5AFAC32BF3A7A000C88A8E /* chunk.node_modules_pmcrypto-v6-canary_node_modules_openpgp_dist_lightweight_argon2id_min_mjs.js */; };
		1F5AFAEC2BF3A7A100C88A8E /* chunk.node_modules_pmcrypto_node_modules_openpgp_dist_lightweight_argon2id_min_mjs.js in Resources */ = {isa = PBXBuildFile; fileRef = 1F5AFAC42BF3A7A000C88A8E /* chunk.node_modules_pmcrypto_node_modules_openpgp_dist_lightweight_argon2id_min_mjs.js */; };
		1F5AFAED2BF3A7A100C88A8E /* chunk.crypto-worker-api.js in Resources */ = {isa = PBXBuildFile; fileRef = 1F5AFAC52BF3A7A000C88A8E /* chunk.crypto-worker-api.js */; };
		1F5AFAEE2BF3A7A100C88A8E /* chunk.node_modules_pmcrypto-v6-canary_node_modules_openpgp_dist_lightweight_bn_interface_min_mjs.js in Resources */ = {isa = PBXBuildFile; fileRef = 1F5AFAC62BF3A7A000C88A8E /* chunk.node_modules_pmcrypto-v6-canary_node_modules_openpgp_dist_lightweight_bn_interface_min_mjs.js */; };
		1F5AFAEF2BF3A7A100C88A8E /* chunk.node_modules_pmcrypto-v6-canary_node_modules_openpgp_dist_lightweight_legacy_ciphers_min_mjs.js in Resources */ = {isa = PBXBuildFile; fileRef = 1F5AFAC72BF3A7A000C88A8E /* chunk.node_modules_pmcrypto-v6-canary_node_modules_openpgp_dist_lightweight_legacy_ciphers_min_mjs.js */; };
		1F5AFAF02BF3A7A100C88A8E /* orchestrator.js in Resources */ = {isa = PBXBuildFile; fileRef = 1F5AFAC82BF3A7A000C88A8E /* orchestrator.js */; };
		1F5AFAF12BF3A7A100C88A8E /* manifest.json in Resources */ = {isa = PBXBuildFile; fileRef = 1F5AFAC92BF3A7A000C88A8E /* manifest.json */; };
		1F5AFAF22BF3A7A100C88A8E /* webauthn.js in Resources */ = {isa = PBXBuildFile; fileRef = 1F5AFACA2BF3A7A100C88A8E /* webauthn.js */; };
		1F5AFAF32BF3A7A100C88A8E /* chunk.crypto-worker-v6-canary.js in Resources */ = {isa = PBXBuildFile; fileRef = 1F5AFACB2BF3A7A100C88A8E /* chunk.crypto-worker-v6-canary.js */; };
		1F5AFAF42BF3A7A100C88A8E /* popup.html in Resources */ = {isa = PBXBuildFile; fileRef = 1F5AFACC2BF3A7A100C88A8E /* popup.html */; };
		1F5AFAF52BF3A7A100C88A8E /* chunk.node_modules_pmcrypto_node_modules_openpgp_dist_lightweight_bn_min_mjs.js in Resources */ = {isa = PBXBuildFile; fileRef = 1F5AFACD2BF3A7A100C88A8E /* chunk.node_modules_pmcrypto_node_modules_openpgp_dist_lightweight_bn_min_mjs.js */; };
		1F5AFAF62BF3A7A100C88A8E /* chunk.node_modules_pmcrypto-v6-canary_node_modules_openpgp_dist_lightweight_noble_hashes_min_mjs.js in Resources */ = {isa = PBXBuildFile; fileRef = 1F5AFACE2BF3A7A100C88A8E /* chunk.node_modules_pmcrypto-v6-canary_node_modules_openpgp_dist_lightweight_noble_hashes_min_mjs.js */; };
		1F5AFAF72BF3A7A100C88A8E /* chunk.node_modules_pmcrypto_node_modules_openpgp_dist_lightweight_elliptic_min_mjs.js in Resources */ = {isa = PBXBuildFile; fileRef = 1F5AFACF2BF3A7A100C88A8E /* chunk.node_modules_pmcrypto_node_modules_openpgp_dist_lightweight_elliptic_min_mjs.js */; };
		1F5AFAF82BF3A7A100C88A8E /* styles in Resources */ = {isa = PBXBuildFile; fileRef = 1F5AFAD02BF3A7A100C88A8E /* styles */; };
		1F5AFAF92BF3A7A100C88A8E /* popup.js in Resources */ = {isa = PBXBuildFile; fileRef = 1F5AFAD12BF3A7A100C88A8E /* popup.js */; };
		1F5AFAFA2BF3A7A100C88A8E /* assets in Resources */ = {isa = PBXBuildFile; fileRef = 1F5AFAD22BF3A7A100C88A8E /* assets */; };
		1F5AFAFB2BF3A7A100C88A8E /* chunk.node_modules_pmcrypto_node_modules_openpgp_dist_lightweight_ponyfill_es6_min_mjs.js in Resources */ = {isa = PBXBuildFile; fileRef = 1F5AFAD32BF3A7A100C88A8E /* chunk.node_modules_pmcrypto_node_modules_openpgp_dist_lightweight_ponyfill_es6_min_mjs.js */; };
		1F5AFAFC2BF3A7A100C88A8E /* notification.html in Resources */ = {isa = PBXBuildFile; fileRef = 1F5AFAD42BF3A7A100C88A8E /* notification.html */; };
		1F5AFAFD2BF3A7A100C88A8E /* dropdown.js in Resources */ = {isa = PBXBuildFile; fileRef = 1F5AFAD52BF3A7A100C88A8E /* dropdown.js */; };
		1F5AFAFE2BF3A7A100C88A8E /* notification.js in Resources */ = {isa = PBXBuildFile; fileRef = 1F5AFAD62BF3A7A100C88A8E /* notification.js */; };
		1F5AFAFF2BF3A7A100C88A8E /* onboarding.html in Resources */ = {isa = PBXBuildFile; fileRef = 1F5AFAD72BF3A7A100C88A8E /* onboarding.html */; };
		1F5AFB002BF3A7A100C88A8E /* chunk.node_modules_pmcrypto_node_modules_openpgp_asmcrypto_js_dist_es8_hash_sha1_sha1_js.js in Resources */ = {isa = PBXBuildFile; fileRef = 1F5AFAD82BF3A7A100C88A8E /* chunk.node_modules_pmcrypto_node_modules_openpgp_asmcrypto_js_dist_es8_hash_sha1_sha1_js.js */; };
		1F5AFB012BF3A7A100C88A8E /* chunk.node_modules_openpgp_noble-hashes_esm_biginteger_bn_interface_js.js in Resources */ = {isa = PBXBuildFile; fileRef = 1F5AFAD92BF3A7A100C88A8E /* chunk.node_modules_openpgp_noble-hashes_esm_biginteger_bn_interface_js.js */; };
		1F5AFB022BF3A7A100C88A8E /* client.js in Resources */ = {isa = PBXBuildFile; fileRef = 1F5AFADA2BF3A7A100C88A8E /* client.js */; };
		1F5AFB032BF3A7A100C88A8E /* chunk.crypto-worker.js in Resources */ = {isa = PBXBuildFile; fileRef = 1F5AFADB2BF3A7A100C88A8E /* chunk.crypto-worker.js */; };
		1F5AFB042BF3A7A100C88A8E /* chunk.node_modules_pmcrypto-v6-canary_node_modules_openpgp_dist_lightweight_noble_curves_min_mjs.js in Resources */ = {isa = PBXBuildFile; fileRef = 1F5AFADC2BF3A7A100C88A8E /* chunk.node_modules_pmcrypto-v6-canary_node_modules_openpgp_dist_lightweight_noble_curves_min_mjs.js */; };
		1F5AFB052BF3A7A100C88A8E /* dropdown.html in Resources */ = {isa = PBXBuildFile; fileRef = 1F5AFADD2BF3A7A100C88A8E /* dropdown.html */; };
		1F5AFB062BF3A7A100C88A8E /* chunk.date-fns in Resources */ = {isa = PBXBuildFile; fileRef = 1F5AFADE2BF3A7A100C88A8E /* chunk.date-fns */; };
		1F5AFB072BF3A7A100C88A8E /* chunk.node_modules_pmcrypto_node_modules_openpgp_dist_lightweight_web-streams-adapter_min_mjs.js in Resources */ = {isa = PBXBuildFile; fileRef = 1F5AFADF2BF3A7A100C88A8E /* chunk.node_modules_pmcrypto_node_modules_openpgp_dist_lightweight_web-streams-adapter_min_mjs.js */; };
		1F5AFB082BF3A7A100C88A8E /* chunk.node_modules_openpgp_noble-hashes_esm_sha1_js.js in Resources */ = {isa = PBXBuildFile; fileRef = 1F5AFAE02BF3A7A100C88A8E /* chunk.node_modules_openpgp_noble-hashes_esm_sha1_js.js */; };
		1F5AFB092BF3A7A100C88A8E /* background.js in Resources */ = {isa = PBXBuildFile; fileRef = 1F5AFAE12BF3A7A100C88A8E /* background.js */; };
		1F5AFB0A2BF3A7A100C88A8E /* chunk.node_modules_pmcrypto_node_modules_openpgp_dist_lightweight_bn_interface_min_mjs.js in Resources */ = {isa = PBXBuildFile; fileRef = 1F5AFAE22BF3A7A100C88A8E /* chunk.node_modules_pmcrypto_node_modules_openpgp_dist_lightweight_bn_interface_min_mjs.js */; };
		1F5AFB0B2BF3A7A100C88A8E /* 2df646675dbf3cad264b.module.wasm in Resources */ = {isa = PBXBuildFile; fileRef = 1F5AFAE32BF3A7A100C88A8E /* 2df646675dbf3cad264b.module.wasm */; };
		1F5AFB0C2BF3A7A100C88A8E /* elements.js in Resources */ = {isa = PBXBuildFile; fileRef = 1F5AFAE42BF3A7A100C88A8E /* elements.js */; };
		1F5AFB0D2BF3A7A100C88A8E /* settings.html in Resources */ = {isa = PBXBuildFile; fileRef = 1F5AFAE52BF3A7A100C88A8E /* settings.html */; };
		1FEA7CF52BE8E86900EF2ED2 /* AppDelegate.swift in Sources */ = {isa = PBXBuildFile; fileRef = 1FEA7CF42BE8E86900EF2ED2 /* AppDelegate.swift */; };
		1FEA7CF92BE8E86900EF2ED2 /* Base in Resources */ = {isa = PBXBuildFile; fileRef = 1FEA7CF82BE8E86900EF2ED2 /* Base */; };
		1FEA7CFB2BE8E86900EF2ED2 /* Icon.png in Resources */ = {isa = PBXBuildFile; fileRef = 1FEA7CFA2BE8E86900EF2ED2 /* Icon.png */; };
		1FEA7CFD2BE8E86900EF2ED2 /* Style.css in Resources */ = {isa = PBXBuildFile; fileRef = 1FEA7CFC2BE8E86900EF2ED2 /* Style.css */; };
		1FEA7CFF2BE8E86900EF2ED2 /* Script.js in Resources */ = {isa = PBXBuildFile; fileRef = 1FEA7CFE2BE8E86900EF2ED2 /* Script.js */; };
		1FEA7D012BE8E86900EF2ED2 /* ViewController.swift in Sources */ = {isa = PBXBuildFile; fileRef = 1FEA7D002BE8E86900EF2ED2 /* ViewController.swift */; };
		1FEA7D042BE8E86900EF2ED2 /* Base in Resources */ = {isa = PBXBuildFile; fileRef = 1FEA7D032BE8E86900EF2ED2 /* Base */; };
		1FEA7D062BE8E86900EF2ED2 /* Assets.xcassets in Resources */ = {isa = PBXBuildFile; fileRef = 1FEA7D052BE8E86900EF2ED2 /* Assets.xcassets */; };
		1FEA7D0F2BE8E86A00EF2ED2 /* Proton Pass Extension.appex in Embed Foundation Extensions */ = {isa = PBXBuildFile; fileRef = 1FEA7D0E2BE8E86A00EF2ED2 /* Proton Pass Extension.appex */; settings = {ATTRIBUTES = (RemoveHeadersOnCopy, ); }; };
		1FEA7D142BE8E86A00EF2ED2 /* SafariWebExtensionHandler.swift in Sources */ = {isa = PBXBuildFile; fileRef = 1FEA7D132BE8E86A00EF2ED2 /* SafariWebExtensionHandler.swift */; };
/* End PBXBuildFile section */

/* Begin PBXContainerItemProxy section */
		1FEA7D102BE8E86A00EF2ED2 /* PBXContainerItemProxy */ = {
			isa = PBXContainerItemProxy;
			containerPortal = 1FEA7CE92BE8E86900EF2ED2 /* Project object */;
			proxyType = 1;
			remoteGlobalIDString = 1FEA7D0D2BE8E86A00EF2ED2;
			remoteInfo = "Proton Pass Extension";
		};
/* End PBXContainerItemProxy section */

/* Begin PBXCopyFilesBuildPhase section */
		1FEA7D1C2BE8E86A00EF2ED2 /* Embed Foundation Extensions */ = {
			isa = PBXCopyFilesBuildPhase;
			buildActionMask = 2147483647;
			dstPath = "";
			dstSubfolderSpec = 13;
			files = (
				1FEA7D0F2BE8E86A00EF2ED2 /* Proton Pass Extension.appex in Embed Foundation Extensions */,
			);
			name = "Embed Foundation Extensions";
			runOnlyForDeploymentPostprocessing = 0;
		};
/* End PBXCopyFilesBuildPhase section */

/* Begin PBXFileReference section */
		1F5AFABE2BF3A7A000C88A8E /* settings.js */ = {isa = PBXFileReference; fileEncoding = 4; lastKnownFileType = sourcecode.javascript; name = settings.js; path = ../../dist/settings.js; sourceTree = "<group>"; };
		1F5AFABF2BF3A7A000C88A8E /* chunk.node_modules_pmcrypto-v6-canary_node_modules_openpgp_dist_lightweight_native_interface_min_mjs.js */ = {isa = PBXFileReference; fileEncoding = 4; lastKnownFileType = sourcecode.javascript; name = "chunk.node_modules_pmcrypto-v6-canary_node_modules_openpgp_dist_lightweight_native_interface_min_mjs.js"; path = "../../dist/chunk.node_modules_pmcrypto-v6-canary_node_modules_openpgp_dist_lightweight_native_interface_min_mjs.js"; sourceTree = "<group>"; };
		1F5AFAC02BF3A7A000C88A8E /* chunk.locales */ = {isa = PBXFileReference; lastKnownFileType = folder; name = chunk.locales; path = ../../dist/chunk.locales; sourceTree = "<group>"; };
		1F5AFAC12BF3A7A000C88A8E /* onboarding.js */ = {isa = PBXFileReference; fileEncoding = 4; lastKnownFileType = sourcecode.javascript; name = onboarding.js; path = ../../dist/onboarding.js; sourceTree = "<group>"; };
		1F5AFAC22BF3A7A000C88A8E /* chunk.node_modules_protontech_pass-rust-core_proton_pass_web_js.js */ = {isa = PBXFileReference; fileEncoding = 4; lastKnownFileType = sourcecode.javascript; name = "chunk.node_modules_protontech_pass-rust-core_proton_pass_web_js.js"; path = "../../dist/chunk.node_modules_protontech_pass-rust-core_proton_pass_web_js.js"; sourceTree = "<group>"; };
		1F5AFAC32BF3A7A000C88A8E /* chunk.node_modules_pmcrypto-v6-canary_node_modules_openpgp_dist_lightweight_argon2id_min_mjs.js */ = {isa = PBXFileReference; fileEncoding = 4; lastKnownFileType = sourcecode.javascript; name = "chunk.node_modules_pmcrypto-v6-canary_node_modules_openpgp_dist_lightweight_argon2id_min_mjs.js"; path = "../../dist/chunk.node_modules_pmcrypto-v6-canary_node_modules_openpgp_dist_lightweight_argon2id_min_mjs.js"; sourceTree = "<group>"; };
		1F5AFAC42BF3A7A000C88A8E /* chunk.node_modules_pmcrypto_node_modules_openpgp_dist_lightweight_argon2id_min_mjs.js */ = {isa = PBXFileReference; fileEncoding = 4; lastKnownFileType = sourcecode.javascript; name = chunk.node_modules_pmcrypto_node_modules_openpgp_dist_lightweight_argon2id_min_mjs.js; path = ../../dist/chunk.node_modules_pmcrypto_node_modules_openpgp_dist_lightweight_argon2id_min_mjs.js; sourceTree = "<group>"; };
		1F5AFAC52BF3A7A000C88A8E /* chunk.crypto-worker-api.js */ = {isa = PBXFileReference; fileEncoding = 4; lastKnownFileType = sourcecode.javascript; name = "chunk.crypto-worker-api.js"; path = "../../dist/chunk.crypto-worker-api.js"; sourceTree = "<group>"; };
		1F5AFAC62BF3A7A000C88A8E /* chunk.node_modules_pmcrypto-v6-canary_node_modules_openpgp_dist_lightweight_bn_interface_min_mjs.js */ = {isa = PBXFileReference; fileEncoding = 4; lastKnownFileType = sourcecode.javascript; name = "chunk.node_modules_pmcrypto-v6-canary_node_modules_openpgp_dist_lightweight_bn_interface_min_mjs.js"; path = "../../dist/chunk.node_modules_pmcrypto-v6-canary_node_modules_openpgp_dist_lightweight_bn_interface_min_mjs.js"; sourceTree = "<group>"; };
		1F5AFAC72BF3A7A000C88A8E /* chunk.node_modules_pmcrypto-v6-canary_node_modules_openpgp_dist_lightweight_legacy_ciphers_min_mjs.js */ = {isa = PBXFileReference; fileEncoding = 4; lastKnownFileType = sourcecode.javascript; name = "chunk.node_modules_pmcrypto-v6-canary_node_modules_openpgp_dist_lightweight_legacy_ciphers_min_mjs.js"; path = "../../dist/chunk.node_modules_pmcrypto-v6-canary_node_modules_openpgp_dist_lightweight_legacy_ciphers_min_mjs.js"; sourceTree = "<group>"; };
		1F5AFAC82BF3A7A000C88A8E /* orchestrator.js */ = {isa = PBXFileReference; fileEncoding = 4; lastKnownFileType = sourcecode.javascript; name = orchestrator.js; path = ../../dist/orchestrator.js; sourceTree = "<group>"; };
		1F5AFAC92BF3A7A000C88A8E /* manifest.json */ = {isa = PBXFileReference; fileEncoding = 4; lastKnownFileType = text.json; name = manifest.json; path = ../../dist/manifest.json; sourceTree = "<group>"; };
		1F5AFACA2BF3A7A100C88A8E /* webauthn.js */ = {isa = PBXFileReference; fileEncoding = 4; lastKnownFileType = sourcecode.javascript; name = webauthn.js; path = ../../dist/webauthn.js; sourceTree = "<group>"; };
		1F5AFACB2BF3A7A100C88A8E /* chunk.crypto-worker-v6-canary.js */ = {isa = PBXFileReference; fileEncoding = 4; lastKnownFileType = sourcecode.javascript; name = "chunk.crypto-worker-v6-canary.js"; path = "../../dist/chunk.crypto-worker-v6-canary.js"; sourceTree = "<group>"; };
		1F5AFACC2BF3A7A100C88A8E /* popup.html */ = {isa = PBXFileReference; fileEncoding = 4; lastKnownFileType = text.html; name = popup.html; path = ../../dist/popup.html; sourceTree = "<group>"; };
		1F5AFACD2BF3A7A100C88A8E /* chunk.node_modules_pmcrypto_node_modules_openpgp_dist_lightweight_bn_min_mjs.js */ = {isa = PBXFileReference; fileEncoding = 4; lastKnownFileType = sourcecode.javascript; name = chunk.node_modules_pmcrypto_node_modules_openpgp_dist_lightweight_bn_min_mjs.js; path = ../../dist/chunk.node_modules_pmcrypto_node_modules_openpgp_dist_lightweight_bn_min_mjs.js; sourceTree = "<group>"; };
		1F5AFACE2BF3A7A100C88A8E /* chunk.node_modules_pmcrypto-v6-canary_node_modules_openpgp_dist_lightweight_noble_hashes_min_mjs.js */ = {isa = PBXFileReference; fileEncoding = 4; lastKnownFileType = sourcecode.javascript; name = "chunk.node_modules_pmcrypto-v6-canary_node_modules_openpgp_dist_lightweight_noble_hashes_min_mjs.js"; path = "../../dist/chunk.node_modules_pmcrypto-v6-canary_node_modules_openpgp_dist_lightweight_noble_hashes_min_mjs.js"; sourceTree = "<group>"; };
		1F5AFACF2BF3A7A100C88A8E /* chunk.node_modules_pmcrypto_node_modules_openpgp_dist_lightweight_elliptic_min_mjs.js */ = {isa = PBXFileReference; fileEncoding = 4; lastKnownFileType = sourcecode.javascript; name = chunk.node_modules_pmcrypto_node_modules_openpgp_dist_lightweight_elliptic_min_mjs.js; path = ../../dist/chunk.node_modules_pmcrypto_node_modules_openpgp_dist_lightweight_elliptic_min_mjs.js; sourceTree = "<group>"; };
		1F5AFAD02BF3A7A100C88A8E /* styles */ = {isa = PBXFileReference; lastKnownFileType = folder; name = styles; path = ../../dist/styles; sourceTree = "<group>"; };
		1F5AFAD12BF3A7A100C88A8E /* popup.js */ = {isa = PBXFileReference; fileEncoding = 4; lastKnownFileType = sourcecode.javascript; name = popup.js; path = ../../dist/popup.js; sourceTree = "<group>"; };
		1F5AFAD22BF3A7A100C88A8E /* assets */ = {isa = PBXFileReference; lastKnownFileType = folder; name = assets; path = ../../dist/assets; sourceTree = "<group>"; };
		1F5AFAD32BF3A7A100C88A8E /* chunk.node_modules_pmcrypto_node_modules_openpgp_dist_lightweight_ponyfill_es6_min_mjs.js */ = {isa = PBXFileReference; fileEncoding = 4; lastKnownFileType = sourcecode.javascript; name = chunk.node_modules_pmcrypto_node_modules_openpgp_dist_lightweight_ponyfill_es6_min_mjs.js; path = ../../dist/chunk.node_modules_pmcrypto_node_modules_openpgp_dist_lightweight_ponyfill_es6_min_mjs.js; sourceTree = "<group>"; };
		1F5AFAD42BF3A7A100C88A8E /* notification.html */ = {isa = PBXFileReference; fileEncoding = 4; lastKnownFileType = text.html; name = notification.html; path = ../../dist/notification.html; sourceTree = "<group>"; };
		1F5AFAD52BF3A7A100C88A8E /* dropdown.js */ = {isa = PBXFileReference; fileEncoding = 4; lastKnownFileType = sourcecode.javascript; name = dropdown.js; path = ../../dist/dropdown.js; sourceTree = "<group>"; };
		1F5AFAD62BF3A7A100C88A8E /* notification.js */ = {isa = PBXFileReference; fileEncoding = 4; lastKnownFileType = sourcecode.javascript; name = notification.js; path = ../../dist/notification.js; sourceTree = "<group>"; };
		1F5AFAD72BF3A7A100C88A8E /* onboarding.html */ = {isa = PBXFileReference; fileEncoding = 4; lastKnownFileType = text.html; name = onboarding.html; path = ../../dist/onboarding.html; sourceTree = "<group>"; };
		1F5AFAD82BF3A7A100C88A8E /* chunk.node_modules_pmcrypto_node_modules_openpgp_asmcrypto_js_dist_es8_hash_sha1_sha1_js.js */ = {isa = PBXFileReference; fileEncoding = 4; lastKnownFileType = sourcecode.javascript; name = chunk.node_modules_pmcrypto_node_modules_openpgp_asmcrypto_js_dist_es8_hash_sha1_sha1_js.js; path = ../../dist/chunk.node_modules_pmcrypto_node_modules_openpgp_asmcrypto_js_dist_es8_hash_sha1_sha1_js.js; sourceTree = "<group>"; };
		1F5AFAD92BF3A7A100C88A8E /* chunk.node_modules_openpgp_noble-hashes_esm_biginteger_bn_interface_js.js */ = {isa = PBXFileReference; fileEncoding = 4; lastKnownFileType = sourcecode.javascript; name = "chunk.node_modules_openpgp_noble-hashes_esm_biginteger_bn_interface_js.js"; path = "../../dist/chunk.node_modules_openpgp_noble-hashes_esm_biginteger_bn_interface_js.js"; sourceTree = "<group>"; };
		1F5AFADA2BF3A7A100C88A8E /* client.js */ = {isa = PBXFileReference; fileEncoding = 4; lastKnownFileType = sourcecode.javascript; name = client.js; path = ../../dist/client.js; sourceTree = "<group>"; };
		1F5AFADB2BF3A7A100C88A8E /* chunk.crypto-worker.js */ = {isa = PBXFileReference; fileEncoding = 4; lastKnownFileType = sourcecode.javascript; name = "chunk.crypto-worker.js"; path = "../../dist/chunk.crypto-worker.js"; sourceTree = "<group>"; };
		1F5AFADC2BF3A7A100C88A8E /* chunk.node_modules_pmcrypto-v6-canary_node_modules_openpgp_dist_lightweight_noble_curves_min_mjs.js */ = {isa = PBXFileReference; fileEncoding = 4; lastKnownFileType = sourcecode.javascript; name = "chunk.node_modules_pmcrypto-v6-canary_node_modules_openpgp_dist_lightweight_noble_curves_min_mjs.js"; path = "../../dist/chunk.node_modules_pmcrypto-v6-canary_node_modules_openpgp_dist_lightweight_noble_curves_min_mjs.js"; sourceTree = "<group>"; };
		1F5AFADD2BF3A7A100C88A8E /* dropdown.html */ = {isa = PBXFileReference; fileEncoding = 4; lastKnownFileType = text.html; name = dropdown.html; path = ../../dist/dropdown.html; sourceTree = "<group>"; };
		1F5AFADE2BF3A7A100C88A8E /* chunk.date-fns */ = {isa = PBXFileReference; lastKnownFileType = folder; name = "chunk.date-fns"; path = "../../dist/chunk.date-fns"; sourceTree = "<group>"; };
		1F5AFADF2BF3A7A100C88A8E /* chunk.node_modules_pmcrypto_node_modules_openpgp_dist_lightweight_web-streams-adapter_min_mjs.js */ = {isa = PBXFileReference; fileEncoding = 4; lastKnownFileType = sourcecode.javascript; name = "chunk.node_modules_pmcrypto_node_modules_openpgp_dist_lightweight_web-streams-adapter_min_mjs.js"; path = "../../dist/chunk.node_modules_pmcrypto_node_modules_openpgp_dist_lightweight_web-streams-adapter_min_mjs.js"; sourceTree = "<group>"; };
		1F5AFAE02BF3A7A100C88A8E /* chunk.node_modules_openpgp_noble-hashes_esm_sha1_js.js */ = {isa = PBXFileReference; fileEncoding = 4; lastKnownFileType = sourcecode.javascript; name = "chunk.node_modules_openpgp_noble-hashes_esm_sha1_js.js"; path = "../../dist/chunk.node_modules_openpgp_noble-hashes_esm_sha1_js.js"; sourceTree = "<group>"; };
		1F5AFAE12BF3A7A100C88A8E /* background.js */ = {isa = PBXFileReference; fileEncoding = 4; lastKnownFileType = sourcecode.javascript; name = background.js; path = ../../dist/background.js; sourceTree = "<group>"; };
		1F5AFAE22BF3A7A100C88A8E /* chunk.node_modules_pmcrypto_node_modules_openpgp_dist_lightweight_bn_interface_min_mjs.js */ = {isa = PBXFileReference; fileEncoding = 4; lastKnownFileType = sourcecode.javascript; name = chunk.node_modules_pmcrypto_node_modules_openpgp_dist_lightweight_bn_interface_min_mjs.js; path = ../../dist/chunk.node_modules_pmcrypto_node_modules_openpgp_dist_lightweight_bn_interface_min_mjs.js; sourceTree = "<group>"; };
		1F5AFAE32BF3A7A100C88A8E /* 2df646675dbf3cad264b.module.wasm */ = {isa = PBXFileReference; lastKnownFileType = file; name = 2df646675dbf3cad264b.module.wasm; path = ../../dist/2df646675dbf3cad264b.module.wasm; sourceTree = "<group>"; };
		1F5AFAE42BF3A7A100C88A8E /* elements.js */ = {isa = PBXFileReference; fileEncoding = 4; lastKnownFileType = sourcecode.javascript; name = elements.js; path = ../../dist/elements.js; sourceTree = "<group>"; };
		1F5AFAE52BF3A7A100C88A8E /* settings.html */ = {isa = PBXFileReference; fileEncoding = 4; lastKnownFileType = text.html; name = settings.html; path = ../../dist/settings.html; sourceTree = "<group>"; };
		1FEA7CF12BE8E86900EF2ED2 /* Proton Pass.app */ = {isa = PBXFileReference; explicitFileType = wrapper.application; includeInIndex = 0; path = "Proton Pass.app"; sourceTree = BUILT_PRODUCTS_DIR; };
		1FEA7CF42BE8E86900EF2ED2 /* AppDelegate.swift */ = {isa = PBXFileReference; lastKnownFileType = sourcecode.swift; path = AppDelegate.swift; sourceTree = "<group>"; };
		1FEA7CF82BE8E86900EF2ED2 /* Base */ = {isa = PBXFileReference; lastKnownFileType = text.html; name = Base; path = ../Base.lproj/Main.html; sourceTree = "<group>"; };
		1FEA7CFA2BE8E86900EF2ED2 /* Icon.png */ = {isa = PBXFileReference; lastKnownFileType = image.png; path = Icon.png; sourceTree = "<group>"; };
		1FEA7CFC2BE8E86900EF2ED2 /* Style.css */ = {isa = PBXFileReference; lastKnownFileType = text.css; path = Style.css; sourceTree = "<group>"; };
		1FEA7CFE2BE8E86900EF2ED2 /* Script.js */ = {isa = PBXFileReference; lastKnownFileType = sourcecode.javascript; path = Script.js; sourceTree = "<group>"; };
		1FEA7D002BE8E86900EF2ED2 /* ViewController.swift */ = {isa = PBXFileReference; lastKnownFileType = sourcecode.swift; path = ViewController.swift; sourceTree = "<group>"; };
		1FEA7D032BE8E86900EF2ED2 /* Base */ = {isa = PBXFileReference; lastKnownFileType = file.storyboard; name = Base; path = Base.lproj/Main.storyboard; sourceTree = "<group>"; };
		1FEA7D052BE8E86900EF2ED2 /* Assets.xcassets */ = {isa = PBXFileReference; lastKnownFileType = folder.assetcatalog; path = Assets.xcassets; sourceTree = "<group>"; };
		1FEA7D072BE8E86900EF2ED2 /* Info.plist */ = {isa = PBXFileReference; lastKnownFileType = text.plist.xml; path = Info.plist; sourceTree = "<group>"; };
		1FEA7D092BE8E86900EF2ED2 /* Proton Pass.entitlements */ = {isa = PBXFileReference; lastKnownFileType = text.plist.entitlements; path = "Proton Pass.entitlements"; sourceTree = "<group>"; };
		1FEA7D0E2BE8E86A00EF2ED2 /* Proton Pass Extension.appex */ = {isa = PBXFileReference; explicitFileType = "wrapper.app-extension"; includeInIndex = 0; path = "Proton Pass Extension.appex"; sourceTree = BUILT_PRODUCTS_DIR; };
		1FEA7D132BE8E86A00EF2ED2 /* SafariWebExtensionHandler.swift */ = {isa = PBXFileReference; lastKnownFileType = sourcecode.swift; path = SafariWebExtensionHandler.swift; sourceTree = "<group>"; };
		1FEA7D152BE8E86A00EF2ED2 /* Info.plist */ = {isa = PBXFileReference; lastKnownFileType = text.plist.xml; path = Info.plist; sourceTree = "<group>"; };
		1FEA7D162BE8E86A00EF2ED2 /* Proton Pass Extension.entitlements */ = {isa = PBXFileReference; lastKnownFileType = text.plist.entitlements; path = "Proton Pass Extension.entitlements"; sourceTree = "<group>"; };
/* End PBXFileReference section */

/* Begin PBXFrameworksBuildPhase section */
		1FEA7CEE2BE8E86900EF2ED2 /* Frameworks */ = {
			isa = PBXFrameworksBuildPhase;
			buildActionMask = 2147483647;
			files = (
			);
			runOnlyForDeploymentPostprocessing = 0;
		};
		1FEA7D0B2BE8E86A00EF2ED2 /* Frameworks */ = {
			isa = PBXFrameworksBuildPhase;
			buildActionMask = 2147483647;
			files = (
			);
			runOnlyForDeploymentPostprocessing = 0;
		};
/* End PBXFrameworksBuildPhase section */

/* Begin PBXGroup section */
		1F5AFA6C2BF380E800C88A8E /* Resources */ = {
			isa = PBXGroup;
			children = (
				1F5AFAE32BF3A7A100C88A8E /* 2df646675dbf3cad264b.module.wasm */,
				1F5AFAD22BF3A7A100C88A8E /* assets */,
				1F5AFAE12BF3A7A100C88A8E /* background.js */,
				1F5AFAC52BF3A7A000C88A8E /* chunk.crypto-worker-api.js */,
				1F5AFACB2BF3A7A100C88A8E /* chunk.crypto-worker-v6-canary.js */,
				1F5AFADB2BF3A7A100C88A8E /* chunk.crypto-worker.js */,
				1F5AFADE2BF3A7A100C88A8E /* chunk.date-fns */,
				1F5AFAC02BF3A7A000C88A8E /* chunk.locales */,
				1F5AFAD92BF3A7A100C88A8E /* chunk.node_modules_openpgp_noble-hashes_esm_biginteger_bn_interface_js.js */,
				1F5AFAE02BF3A7A100C88A8E /* chunk.node_modules_openpgp_noble-hashes_esm_sha1_js.js */,
				1F5AFAD82BF3A7A100C88A8E /* chunk.node_modules_pmcrypto_node_modules_openpgp_asmcrypto_js_dist_es8_hash_sha1_sha1_js.js */,
				1F5AFAC42BF3A7A000C88A8E /* chunk.node_modules_pmcrypto_node_modules_openpgp_dist_lightweight_argon2id_min_mjs.js */,
				1F5AFAE22BF3A7A100C88A8E /* chunk.node_modules_pmcrypto_node_modules_openpgp_dist_lightweight_bn_interface_min_mjs.js */,
				1F5AFACD2BF3A7A100C88A8E /* chunk.node_modules_pmcrypto_node_modules_openpgp_dist_lightweight_bn_min_mjs.js */,
				1F5AFACF2BF3A7A100C88A8E /* chunk.node_modules_pmcrypto_node_modules_openpgp_dist_lightweight_elliptic_min_mjs.js */,
				1F5AFAD32BF3A7A100C88A8E /* chunk.node_modules_pmcrypto_node_modules_openpgp_dist_lightweight_ponyfill_es6_min_mjs.js */,
				1F5AFADF2BF3A7A100C88A8E /* chunk.node_modules_pmcrypto_node_modules_openpgp_dist_lightweight_web-streams-adapter_min_mjs.js */,
				1F5AFAC32BF3A7A000C88A8E /* chunk.node_modules_pmcrypto-v6-canary_node_modules_openpgp_dist_lightweight_argon2id_min_mjs.js */,
				1F5AFAC62BF3A7A000C88A8E /* chunk.node_modules_pmcrypto-v6-canary_node_modules_openpgp_dist_lightweight_bn_interface_min_mjs.js */,
				1F5AFAC72BF3A7A000C88A8E /* chunk.node_modules_pmcrypto-v6-canary_node_modules_openpgp_dist_lightweight_legacy_ciphers_min_mjs.js */,
				1F5AFABF2BF3A7A000C88A8E /* chunk.node_modules_pmcrypto-v6-canary_node_modules_openpgp_dist_lightweight_native_interface_min_mjs.js */,
				1F5AFADC2BF3A7A100C88A8E /* chunk.node_modules_pmcrypto-v6-canary_node_modules_openpgp_dist_lightweight_noble_curves_min_mjs.js */,
				1F5AFACE2BF3A7A100C88A8E /* chunk.node_modules_pmcrypto-v6-canary_node_modules_openpgp_dist_lightweight_noble_hashes_min_mjs.js */,
				1F5AFAC22BF3A7A000C88A8E /* chunk.node_modules_protontech_pass-rust-core_proton_pass_web_js.js */,
				1F5AFADA2BF3A7A100C88A8E /* client.js */,
				1F5AFADD2BF3A7A100C88A8E /* dropdown.html */,
				1F5AFAD52BF3A7A100C88A8E /* dropdown.js */,
				1F5AFAE42BF3A7A100C88A8E /* elements.js */,
				1F5AFAC92BF3A7A000C88A8E /* manifest.json */,
				1F5AFAD42BF3A7A100C88A8E /* notification.html */,
				1F5AFAD62BF3A7A100C88A8E /* notification.js */,
				1F5AFAD72BF3A7A100C88A8E /* onboarding.html */,
				1F5AFAC12BF3A7A000C88A8E /* onboarding.js */,
				1F5AFAC82BF3A7A000C88A8E /* orchestrator.js */,
				1F5AFACC2BF3A7A100C88A8E /* popup.html */,
				1F5AFAD12BF3A7A100C88A8E /* popup.js */,
				1F5AFAE52BF3A7A100C88A8E /* settings.html */,
				1F5AFABE2BF3A7A000C88A8E /* settings.js */,
				1F5AFAD02BF3A7A100C88A8E /* styles */,
				1F5AFACA2BF3A7A100C88A8E /* webauthn.js */,
			);
			name = Resources;
			sourceTree = "<group>";
		};
		1FEA7CE82BE8E86900EF2ED2 = {
			isa = PBXGroup;
			children = (
				1FEA7CF32BE8E86900EF2ED2 /* Proton Pass */,
				1FEA7D122BE8E86A00EF2ED2 /* Proton Pass Extension */,
				1FEA7CF22BE8E86900EF2ED2 /* Products */,
			);
			sourceTree = "<group>";
		};
		1FEA7CF22BE8E86900EF2ED2 /* Products */ = {
			isa = PBXGroup;
			children = (
				1FEA7CF12BE8E86900EF2ED2 /* Proton Pass.app */,
				1FEA7D0E2BE8E86A00EF2ED2 /* Proton Pass Extension.appex */,
			);
			name = Products;
			sourceTree = "<group>";
		};
		1FEA7CF32BE8E86900EF2ED2 /* Proton Pass */ = {
			isa = PBXGroup;
			children = (
				1FEA7CF42BE8E86900EF2ED2 /* AppDelegate.swift */,
				1FEA7D002BE8E86900EF2ED2 /* ViewController.swift */,
				1FEA7D022BE8E86900EF2ED2 /* Main.storyboard */,
				1FEA7D052BE8E86900EF2ED2 /* Assets.xcassets */,
				1FEA7D072BE8E86900EF2ED2 /* Info.plist */,
				1FEA7D092BE8E86900EF2ED2 /* Proton Pass.entitlements */,
				1FEA7CF62BE8E86900EF2ED2 /* Resources */,
			);
			path = "Proton Pass";
			sourceTree = "<group>";
		};
		1FEA7CF62BE8E86900EF2ED2 /* Resources */ = {
			isa = PBXGroup;
			children = (
				1FEA7CF72BE8E86900EF2ED2 /* Main.html */,
				1FEA7CFA2BE8E86900EF2ED2 /* Icon.png */,
				1FEA7CFC2BE8E86900EF2ED2 /* Style.css */,
				1FEA7CFE2BE8E86900EF2ED2 /* Script.js */,
			);
			path = Resources;
			sourceTree = "<group>";
		};
		1FEA7D122BE8E86A00EF2ED2 /* Proton Pass Extension */ = {
			isa = PBXGroup;
			children = (
				1F5AFA6C2BF380E800C88A8E /* Resources */,
				1FEA7D132BE8E86A00EF2ED2 /* SafariWebExtensionHandler.swift */,
				1FEA7D152BE8E86A00EF2ED2 /* Info.plist */,
				1FEA7D162BE8E86A00EF2ED2 /* Proton Pass Extension.entitlements */,
			);
			path = "Proton Pass Extension";
			sourceTree = "<group>";
		};
/* End PBXGroup section */

/* Begin PBXNativeTarget section */
		1FEA7CF02BE8E86900EF2ED2 /* Proton Pass */ = {
			isa = PBXNativeTarget;
			buildConfigurationList = 1FEA7D1D2BE8E86A00EF2ED2 /* Build configuration list for PBXNativeTarget "Proton Pass" */;
			buildPhases = (
				1FEA7CED2BE8E86900EF2ED2 /* Sources */,
				1FEA7CEE2BE8E86900EF2ED2 /* Frameworks */,
				1FEA7CEF2BE8E86900EF2ED2 /* Resources */,
				1FEA7D1C2BE8E86A00EF2ED2 /* Embed Foundation Extensions */,
			);
			buildRules = (
			);
			dependencies = (
				1FEA7D112BE8E86A00EF2ED2 /* PBXTargetDependency */,
			);
			name = "Proton Pass";
			productName = "Proton Pass";
			productReference = 1FEA7CF12BE8E86900EF2ED2 /* Proton Pass.app */;
			productType = "com.apple.product-type.application";
		};
		1FEA7D0D2BE8E86A00EF2ED2 /* Proton Pass Extension */ = {
			isa = PBXNativeTarget;
			buildConfigurationList = 1FEA7D192BE8E86A00EF2ED2 /* Build configuration list for PBXNativeTarget "Proton Pass Extension" */;
			buildPhases = (
				1FEA7D0A2BE8E86A00EF2ED2 /* Sources */,
				1FEA7D0B2BE8E86A00EF2ED2 /* Frameworks */,
				1FEA7D0C2BE8E86A00EF2ED2 /* Resources */,
			);
			buildRules = (
			);
			dependencies = (
			);
			name = "Proton Pass Extension";
			productName = "Proton Pass Extension";
			productReference = 1FEA7D0E2BE8E86A00EF2ED2 /* Proton Pass Extension.appex */;
			productType = "com.apple.product-type.app-extension";
		};
/* End PBXNativeTarget section */

/* Begin PBXProject section */
		1FEA7CE92BE8E86900EF2ED2 /* Project object */ = {
			isa = PBXProject;
			attributes = {
				BuildIndependentTargetsInParallel = 1;
				LastSwiftUpdateCheck = 1530;
				LastUpgradeCheck = 1530;
				TargetAttributes = {
					1FEA7CF02BE8E86900EF2ED2 = {
						CreatedOnToolsVersion = 15.3;
					};
					1FEA7D0D2BE8E86A00EF2ED2 = {
						CreatedOnToolsVersion = 15.3;
					};
				};
			};
			buildConfigurationList = 1FEA7CEC2BE8E86900EF2ED2 /* Build configuration list for PBXProject "Proton Pass" */;
			compatibilityVersion = "Xcode 14.0";
			developmentRegion = en;
			hasScannedForEncodings = 0;
			knownRegions = (
				en,
				Base,
			);
			mainGroup = 1FEA7CE82BE8E86900EF2ED2;
			productRefGroup = 1FEA7CF22BE8E86900EF2ED2 /* Products */;
			projectDirPath = "";
			projectRoot = "";
			targets = (
				1FEA7CF02BE8E86900EF2ED2 /* Proton Pass */,
				1FEA7D0D2BE8E86A00EF2ED2 /* Proton Pass Extension */,
			);
		};
/* End PBXProject section */

/* Begin PBXResourcesBuildPhase section */
		1FEA7CEF2BE8E86900EF2ED2 /* Resources */ = {
			isa = PBXResourcesBuildPhase;
			buildActionMask = 2147483647;
			files = (
				1FEA7CFB2BE8E86900EF2ED2 /* Icon.png in Resources */,
				1FEA7CFF2BE8E86900EF2ED2 /* Script.js in Resources */,
				1FEA7CF92BE8E86900EF2ED2 /* Base in Resources */,
				1FEA7CFD2BE8E86900EF2ED2 /* Style.css in Resources */,
				1FEA7D062BE8E86900EF2ED2 /* Assets.xcassets in Resources */,
				1FEA7D042BE8E86900EF2ED2 /* Base in Resources */,
			);
			runOnlyForDeploymentPostprocessing = 0;
		};
		1FEA7D0C2BE8E86A00EF2ED2 /* Resources */ = {
			isa = PBXResourcesBuildPhase;
			buildActionMask = 2147483647;
			files = (
				1F5AFAF22BF3A7A100C88A8E /* webauthn.js in Resources */,
				1F5AFAF62BF3A7A100C88A8E /* chunk.node_modules_pmcrypto-v6-canary_node_modules_openpgp_dist_lightweight_noble_hashes_min_mjs.js in Resources */,
				1F5AFAF42BF3A7A100C88A8E /* popup.html in Resources */,
				1F5AFAFD2BF3A7A100C88A8E /* dropdown.js in Resources */,
				1F5AFB092BF3A7A100C88A8E /* background.js in Resources */,
				1F5AFAE62BF3A7A100C88A8E /* settings.js in Resources */,
				1F5AFAF32BF3A7A100C88A8E /* chunk.crypto-worker-v6-canary.js in Resources */,
				1F5AFAE72BF3A7A100C88A8E /* chunk.node_modules_pmcrypto-v6-canary_node_modules_openpgp_dist_lightweight_native_interface_min_mjs.js in Resources */,
				1F5AFB012BF3A7A100C88A8E /* chunk.node_modules_openpgp_noble-hashes_esm_biginteger_bn_interface_js.js in Resources */,
				1F5AFB0D2BF3A7A100C88A8E /* settings.html in Resources */,
				1F5AFB042BF3A7A100C88A8E /* chunk.node_modules_pmcrypto-v6-canary_node_modules_openpgp_dist_lightweight_noble_curves_min_mjs.js in Resources */,
				1F5AFB0A2BF3A7A100C88A8E /* chunk.node_modules_pmcrypto_node_modules_openpgp_dist_lightweight_bn_interface_min_mjs.js in Resources */,
				1F5AFAEB2BF3A7A100C88A8E /* chunk.node_modules_pmcrypto-v6-canary_node_modules_openpgp_dist_lightweight_argon2id_min_mjs.js in Resources */,
				1F5AFAF92BF3A7A100C88A8E /* popup.js in Resources */,
				1F5AFAED2BF3A7A100C88A8E /* chunk.crypto-worker-api.js in Resources */,
				1F5AFAFA2BF3A7A100C88A8E /* assets in Resources */,
				1F5AFAF72BF3A7A100C88A8E /* chunk.node_modules_pmcrypto_node_modules_openpgp_dist_lightweight_elliptic_min_mjs.js in Resources */,
				1F5AFAF12BF3A7A100C88A8E /* manifest.json in Resources */,
				1F5AFAEF2BF3A7A100C88A8E /* chunk.node_modules_pmcrypto-v6-canary_node_modules_openpgp_dist_lightweight_legacy_ciphers_min_mjs.js in Resources */,
				1F5AFB072BF3A7A100C88A8E /* chunk.node_modules_pmcrypto_node_modules_openpgp_dist_lightweight_web-streams-adapter_min_mjs.js in Resources */,
				1F5AFB0C2BF3A7A100C88A8E /* elements.js in Resources */,
				1F5AFB002BF3A7A100C88A8E /* chunk.node_modules_pmcrypto_node_modules_openpgp_asmcrypto_js_dist_es8_hash_sha1_sha1_js.js in Resources */,
				1F5AFAEE2BF3A7A100C88A8E /* chunk.node_modules_pmcrypto-v6-canary_node_modules_openpgp_dist_lightweight_bn_interface_min_mjs.js in Resources */,
				1F5AFAFF2BF3A7A100C88A8E /* onboarding.html in Resources */,
				1F5AFAFB2BF3A7A100C88A8E /* chunk.node_modules_pmcrypto_node_modules_openpgp_dist_lightweight_ponyfill_es6_min_mjs.js in Resources */,
				1F5AFB082BF3A7A100C88A8E /* chunk.node_modules_openpgp_noble-hashes_esm_sha1_js.js in Resources */,
				1F5AFAE82BF3A7A100C88A8E /* chunk.locales in Resources */,
				1F5AFB032BF3A7A100C88A8E /* chunk.crypto-worker.js in Resources */,
				1F5AFAEC2BF3A7A100C88A8E /* chunk.node_modules_pmcrypto_node_modules_openpgp_dist_lightweight_argon2id_min_mjs.js in Resources */,
				1F5AFAF82BF3A7A100C88A8E /* styles in Resources */,
				1F5AFAFE2BF3A7A100C88A8E /* notification.js in Resources */,
				1F5AFB062BF3A7A100C88A8E /* chunk.date-fns in Resources */,
				1F5AFAFC2BF3A7A100C88A8E /* notification.html in Resources */,
				1F5AFAEA2BF3A7A100C88A8E /* chunk.node_modules_protontech_pass-rust-core_proton_pass_web_js.js in Resources */,
				1F5AFB0B2BF3A7A100C88A8E /* 2df646675dbf3cad264b.module.wasm in Resources */,
				1F5AFB022BF3A7A100C88A8E /* client.js in Resources */,
				1F5AFAE92BF3A7A100C88A8E /* onboarding.js in Resources */,
				1F5AFB052BF3A7A100C88A8E /* dropdown.html in Resources */,
				1F5AFAF52BF3A7A100C88A8E /* chunk.node_modules_pmcrypto_node_modules_openpgp_dist_lightweight_bn_min_mjs.js in Resources */,
				1F5AFAF02BF3A7A100C88A8E /* orchestrator.js in Resources */,
			);
			runOnlyForDeploymentPostprocessing = 0;
		};
/* End PBXResourcesBuildPhase section */

/* Begin PBXSourcesBuildPhase section */
		1FEA7CED2BE8E86900EF2ED2 /* Sources */ = {
			isa = PBXSourcesBuildPhase;
			buildActionMask = 2147483647;
			files = (
				1FEA7D012BE8E86900EF2ED2 /* ViewController.swift in Sources */,
				1FEA7CF52BE8E86900EF2ED2 /* AppDelegate.swift in Sources */,
			);
			runOnlyForDeploymentPostprocessing = 0;
		};
		1FEA7D0A2BE8E86A00EF2ED2 /* Sources */ = {
			isa = PBXSourcesBuildPhase;
			buildActionMask = 2147483647;
			files = (
				1FEA7D142BE8E86A00EF2ED2 /* SafariWebExtensionHandler.swift in Sources */,
			);
			runOnlyForDeploymentPostprocessing = 0;
		};
/* End PBXSourcesBuildPhase section */

/* Begin PBXTargetDependency section */
		1FEA7D112BE8E86A00EF2ED2 /* PBXTargetDependency */ = {
			isa = PBXTargetDependency;
			target = 1FEA7D0D2BE8E86A00EF2ED2 /* Proton Pass Extension */;
			targetProxy = 1FEA7D102BE8E86A00EF2ED2 /* PBXContainerItemProxy */;
		};
/* End PBXTargetDependency section */

/* Begin PBXVariantGroup section */
		1FEA7CF72BE8E86900EF2ED2 /* Main.html */ = {
			isa = PBXVariantGroup;
			children = (
				1FEA7CF82BE8E86900EF2ED2 /* Base */,
			);
			name = Main.html;
			sourceTree = "<group>";
		};
		1FEA7D022BE8E86900EF2ED2 /* Main.storyboard */ = {
			isa = PBXVariantGroup;
			children = (
				1FEA7D032BE8E86900EF2ED2 /* Base */,
			);
			name = Main.storyboard;
			sourceTree = "<group>";
		};
/* End PBXVariantGroup section */

/* Begin XCBuildConfiguration section */
		1FEA7D172BE8E86A00EF2ED2 /* Debug */ = {
			isa = XCBuildConfiguration;
			buildSettings = {
				ALWAYS_SEARCH_USER_PATHS = NO;
				ASSETCATALOG_COMPILER_GENERATE_SWIFT_ASSET_SYMBOL_EXTENSIONS = YES;
				CLANG_ANALYZER_NONNULL = YES;
				CLANG_ANALYZER_NUMBER_OBJECT_CONVERSION = YES_AGGRESSIVE;
				CLANG_CXX_LANGUAGE_STANDARD = "gnu++20";
				CLANG_ENABLE_MODULES = YES;
				CLANG_ENABLE_OBJC_ARC = YES;
				CLANG_ENABLE_OBJC_WEAK = YES;
				CLANG_WARN_BLOCK_CAPTURE_AUTORELEASING = YES;
				CLANG_WARN_BOOL_CONVERSION = YES;
				CLANG_WARN_COMMA = YES;
				CLANG_WARN_CONSTANT_CONVERSION = YES;
				CLANG_WARN_DEPRECATED_OBJC_IMPLEMENTATIONS = YES;
				CLANG_WARN_DIRECT_OBJC_ISA_USAGE = YES_ERROR;
				CLANG_WARN_DOCUMENTATION_COMMENTS = YES;
				CLANG_WARN_EMPTY_BODY = YES;
				CLANG_WARN_ENUM_CONVERSION = YES;
				CLANG_WARN_INFINITE_RECURSION = YES;
				CLANG_WARN_INT_CONVERSION = YES;
				CLANG_WARN_NON_LITERAL_NULL_CONVERSION = YES;
				CLANG_WARN_OBJC_IMPLICIT_RETAIN_SELF = YES;
				CLANG_WARN_OBJC_LITERAL_CONVERSION = YES;
				CLANG_WARN_OBJC_ROOT_CLASS = YES_ERROR;
				CLANG_WARN_QUOTED_INCLUDE_IN_FRAMEWORK_HEADER = YES;
				CLANG_WARN_RANGE_LOOP_ANALYSIS = YES;
				CLANG_WARN_STRICT_PROTOTYPES = YES;
				CLANG_WARN_SUSPICIOUS_MOVE = YES;
				CLANG_WARN_UNGUARDED_AVAILABILITY = YES_AGGRESSIVE;
				CLANG_WARN_UNREACHABLE_CODE = YES;
				CLANG_WARN__DUPLICATE_METHOD_MATCH = YES;
				COPY_PHASE_STRIP = NO;
				DEBUG_INFORMATION_FORMAT = dwarf;
				ENABLE_STRICT_OBJC_MSGSEND = YES;
				ENABLE_TESTABILITY = YES;
				ENABLE_USER_SCRIPT_SANDBOXING = YES;
				GCC_C_LANGUAGE_STANDARD = gnu17;
				GCC_DYNAMIC_NO_PIC = NO;
				GCC_NO_COMMON_BLOCKS = YES;
				GCC_OPTIMIZATION_LEVEL = 0;
				GCC_PREPROCESSOR_DEFINITIONS = (
					"DEBUG=1",
					"$(inherited)",
				);
				GCC_WARN_64_TO_32_BIT_CONVERSION = YES;
				GCC_WARN_ABOUT_RETURN_TYPE = YES_ERROR;
				GCC_WARN_UNDECLARED_SELECTOR = YES;
				GCC_WARN_UNINITIALIZED_AUTOS = YES_AGGRESSIVE;
				GCC_WARN_UNUSED_FUNCTION = YES;
				GCC_WARN_UNUSED_VARIABLE = YES;
				LOCALIZATION_PREFERS_STRING_CATALOGS = YES;
				MACOSX_DEPLOYMENT_TARGET = 14.4;
				MTL_ENABLE_DEBUG_INFO = INCLUDE_SOURCE;
				MTL_FAST_MATH = YES;
				ONLY_ACTIVE_ARCH = YES;
				SDKROOT = macosx;
				SWIFT_ACTIVE_COMPILATION_CONDITIONS = "DEBUG $(inherited)";
				SWIFT_OPTIMIZATION_LEVEL = "-Onone";
			};
			name = Debug;
		};
		1FEA7D182BE8E86A00EF2ED2 /* Release */ = {
			isa = XCBuildConfiguration;
			buildSettings = {
				ALWAYS_SEARCH_USER_PATHS = NO;
				ASSETCATALOG_COMPILER_GENERATE_SWIFT_ASSET_SYMBOL_EXTENSIONS = YES;
				CLANG_ANALYZER_NONNULL = YES;
				CLANG_ANALYZER_NUMBER_OBJECT_CONVERSION = YES_AGGRESSIVE;
				CLANG_CXX_LANGUAGE_STANDARD = "gnu++20";
				CLANG_ENABLE_MODULES = YES;
				CLANG_ENABLE_OBJC_ARC = YES;
				CLANG_ENABLE_OBJC_WEAK = YES;
				CLANG_WARN_BLOCK_CAPTURE_AUTORELEASING = YES;
				CLANG_WARN_BOOL_CONVERSION = YES;
				CLANG_WARN_COMMA = YES;
				CLANG_WARN_CONSTANT_CONVERSION = YES;
				CLANG_WARN_DEPRECATED_OBJC_IMPLEMENTATIONS = YES;
				CLANG_WARN_DIRECT_OBJC_ISA_USAGE = YES_ERROR;
				CLANG_WARN_DOCUMENTATION_COMMENTS = YES;
				CLANG_WARN_EMPTY_BODY = YES;
				CLANG_WARN_ENUM_CONVERSION = YES;
				CLANG_WARN_INFINITE_RECURSION = YES;
				CLANG_WARN_INT_CONVERSION = YES;
				CLANG_WARN_NON_LITERAL_NULL_CONVERSION = YES;
				CLANG_WARN_OBJC_IMPLICIT_RETAIN_SELF = YES;
				CLANG_WARN_OBJC_LITERAL_CONVERSION = YES;
				CLANG_WARN_OBJC_ROOT_CLASS = YES_ERROR;
				CLANG_WARN_QUOTED_INCLUDE_IN_FRAMEWORK_HEADER = YES;
				CLANG_WARN_RANGE_LOOP_ANALYSIS = YES;
				CLANG_WARN_STRICT_PROTOTYPES = YES;
				CLANG_WARN_SUSPICIOUS_MOVE = YES;
				CLANG_WARN_UNGUARDED_AVAILABILITY = YES_AGGRESSIVE;
				CLANG_WARN_UNREACHABLE_CODE = YES;
				CLANG_WARN__DUPLICATE_METHOD_MATCH = YES;
				COPY_PHASE_STRIP = NO;
				DEBUG_INFORMATION_FORMAT = "dwarf-with-dsym";
				ENABLE_NS_ASSERTIONS = NO;
				ENABLE_STRICT_OBJC_MSGSEND = YES;
				ENABLE_USER_SCRIPT_SANDBOXING = YES;
				GCC_C_LANGUAGE_STANDARD = gnu17;
				GCC_NO_COMMON_BLOCKS = YES;
				GCC_WARN_64_TO_32_BIT_CONVERSION = YES;
				GCC_WARN_ABOUT_RETURN_TYPE = YES_ERROR;
				GCC_WARN_UNDECLARED_SELECTOR = YES;
				GCC_WARN_UNINITIALIZED_AUTOS = YES_AGGRESSIVE;
				GCC_WARN_UNUSED_FUNCTION = YES;
				GCC_WARN_UNUSED_VARIABLE = YES;
				LOCALIZATION_PREFERS_STRING_CATALOGS = YES;
				MACOSX_DEPLOYMENT_TARGET = 14.4;
				MTL_ENABLE_DEBUG_INFO = NO;
				MTL_FAST_MATH = YES;
				SDKROOT = macosx;
				SWIFT_COMPILATION_MODE = wholemodule;
			};
			name = Release;
		};
		1FEA7D1A2BE8E86A00EF2ED2 /* Debug */ = {
			isa = XCBuildConfiguration;
			buildSettings = {
				CODE_SIGN_ENTITLEMENTS = "Proton Pass Extension/Proton Pass Extension.entitlements";
				"CODE_SIGN_IDENTITY[sdk=macosx*]" = "-";
				CODE_SIGN_STYLE = Automatic;
				CURRENT_PROJECT_VERSION = 1;
				DEVELOPMENT_TEAM = "";
				ENABLE_HARDENED_RUNTIME = YES;
				GENERATE_INFOPLIST_FILE = YES;
				INFOPLIST_FILE = "Proton Pass Extension/Info.plist";
				INFOPLIST_KEY_CFBundleDisplayName = "Proton Pass Extension";
				INFOPLIST_KEY_NSHumanReadableCopyright = "";
				LD_RUNPATH_SEARCH_PATHS = (
					"$(inherited)",
					"@executable_path/../Frameworks",
					"@executable_path/../../../../Frameworks",
				);
				MACOSX_DEPLOYMENT_TARGET = 10.14;
				MARKETING_VERSION = 1.0;
				OTHER_LDFLAGS = (
					"-framework",
					SafariServices,
				);
				PRODUCT_BUNDLE_IDENTIFIER = "me.proton.safari-pass.Extension";
				PRODUCT_NAME = "$(TARGET_NAME)";
				SKIP_INSTALL = YES;
				SWIFT_EMIT_LOC_STRINGS = YES;
				SWIFT_VERSION = 5.0;
			};
			name = Debug;
		};
		1FEA7D1B2BE8E86A00EF2ED2 /* Release */ = {
			isa = XCBuildConfiguration;
			buildSettings = {
				CODE_SIGN_ENTITLEMENTS = "Proton Pass Extension/Proton Pass Extension.entitlements";
				"CODE_SIGN_IDENTITY[sdk=macosx*]" = "-";
				CODE_SIGN_STYLE = Automatic;
				CURRENT_PROJECT_VERSION = 1;
				DEVELOPMENT_TEAM = "";
				ENABLE_HARDENED_RUNTIME = YES;
				GENERATE_INFOPLIST_FILE = YES;
				INFOPLIST_FILE = "Proton Pass Extension/Info.plist";
				INFOPLIST_KEY_CFBundleDisplayName = "Proton Pass Extension";
				INFOPLIST_KEY_NSHumanReadableCopyright = "";
				LD_RUNPATH_SEARCH_PATHS = (
					"$(inherited)",
					"@executable_path/../Frameworks",
					"@executable_path/../../../../Frameworks",
				);
				MACOSX_DEPLOYMENT_TARGET = 10.14;
				MARKETING_VERSION = 1.0;
				OTHER_LDFLAGS = (
					"-framework",
					SafariServices,
				);
				PRODUCT_BUNDLE_IDENTIFIER = "me.proton.safari-pass.Extension";
				PRODUCT_NAME = "$(TARGET_NAME)";
				SKIP_INSTALL = YES;
				SWIFT_EMIT_LOC_STRINGS = YES;
				SWIFT_VERSION = 5.0;
			};
			name = Release;
		};
		1FEA7D1E2BE8E86A00EF2ED2 /* Debug */ = {
			isa = XCBuildConfiguration;
			buildSettings = {
				ALWAYS_EMBED_SWIFT_STANDARD_LIBRARIES = YES;
				ASSETCATALOG_COMPILER_APPICON_NAME = AppIcon;
				ASSETCATALOG_COMPILER_GLOBAL_ACCENT_COLOR_NAME = AccentColor;
				CODE_SIGN_ENTITLEMENTS = "Proton Pass/Proton Pass.entitlements";
				"CODE_SIGN_IDENTITY[sdk=macosx*]" = "-";
				CODE_SIGN_STYLE = Automatic;
				COMBINE_HIDPI_IMAGES = YES;
				CURRENT_PROJECT_VERSION = 1;
				DEVELOPMENT_TEAM = SX779MTYR9;
				ENABLE_HARDENED_RUNTIME = YES;
				GENERATE_INFOPLIST_FILE = YES;
				INFOPLIST_FILE = "Proton Pass/Info.plist";
				INFOPLIST_KEY_CFBundleDisplayName = "Proton Pass";
				INFOPLIST_KEY_NSHumanReadableCopyright = "";
				INFOPLIST_KEY_NSMainStoryboardFile = Main;
				INFOPLIST_KEY_NSPrincipalClass = NSApplication;
				LD_RUNPATH_SEARCH_PATHS = (
					"$(inherited)",
					"@executable_path/../Frameworks",
				);
				MACOSX_DEPLOYMENT_TARGET = 10.14;
				MARKETING_VERSION = 1.0;
				OTHER_LDFLAGS = (
					"-framework",
					SafariServices,
					"-framework",
					WebKit,
				);
				PRODUCT_BUNDLE_IDENTIFIER = "me.proton.safari-pass";
				PRODUCT_NAME = "$(TARGET_NAME)";
				SWIFT_EMIT_LOC_STRINGS = YES;
				SWIFT_VERSION = 5.0;
			};
			name = Debug;
		};
		1FEA7D1F2BE8E86A00EF2ED2 /* Release */ = {
			isa = XCBuildConfiguration;
			buildSettings = {
				ALWAYS_EMBED_SWIFT_STANDARD_LIBRARIES = YES;
				ASSETCATALOG_COMPILER_APPICON_NAME = AppIcon;
				ASSETCATALOG_COMPILER_GLOBAL_ACCENT_COLOR_NAME = AccentColor;
				CODE_SIGN_ENTITLEMENTS = "Proton Pass/Proton Pass.entitlements";
				CODE_SIGN_STYLE = Automatic;
				COMBINE_HIDPI_IMAGES = YES;
				CURRENT_PROJECT_VERSION = 1;
				DEVELOPMENT_TEAM = "";
				ENABLE_HARDENED_RUNTIME = YES;
				GENERATE_INFOPLIST_FILE = YES;
				INFOPLIST_FILE = "Proton Pass/Info.plist";
				INFOPLIST_KEY_CFBundleDisplayName = "Proton Pass";
				INFOPLIST_KEY_NSHumanReadableCopyright = "";
				INFOPLIST_KEY_NSMainStoryboardFile = Main;
				INFOPLIST_KEY_NSPrincipalClass = NSApplication;
				LD_RUNPATH_SEARCH_PATHS = (
					"$(inherited)",
					"@executable_path/../Frameworks",
				);
				MACOSX_DEPLOYMENT_TARGET = 10.14;
				MARKETING_VERSION = 1.0;
				OTHER_LDFLAGS = (
					"-framework",
					SafariServices,
					"-framework",
					WebKit,
				);
				PRODUCT_BUNDLE_IDENTIFIER = "me.proton.safari-pass";
				PRODUCT_NAME = "$(TARGET_NAME)";
				SWIFT_EMIT_LOC_STRINGS = YES;
				SWIFT_VERSION = 5.0;
			};
			name = Release;
		};
/* End XCBuildConfiguration section */

/* Begin XCConfigurationList section */
		1FEA7CEC2BE8E86900EF2ED2 /* Build configuration list for PBXProject "Proton Pass" */ = {
			isa = XCConfigurationList;
			buildConfigurations = (
				1FEA7D172BE8E86A00EF2ED2 /* Debug */,
				1FEA7D182BE8E86A00EF2ED2 /* Release */,
			);
			defaultConfigurationIsVisible = 0;
			defaultConfigurationName = Release;
		};
		1FEA7D192BE8E86A00EF2ED2 /* Build configuration list for PBXNativeTarget "Proton Pass Extension" */ = {
			isa = XCConfigurationList;
			buildConfigurations = (
				1FEA7D1A2BE8E86A00EF2ED2 /* Debug */,
				1FEA7D1B2BE8E86A00EF2ED2 /* Release */,
			);
			defaultConfigurationIsVisible = 0;
			defaultConfigurationName = Release;
		};
		1FEA7D1D2BE8E86A00EF2ED2 /* Build configuration list for PBXNativeTarget "Proton Pass" */ = {
			isa = XCConfigurationList;
			buildConfigurations = (
				1FEA7D1E2BE8E86A00EF2ED2 /* Debug */,
				1FEA7D1F2BE8E86A00EF2ED2 /* Release */,
			);
			defaultConfigurationIsVisible = 0;
			defaultConfigurationName = Release;
		};
/* End XCConfigurationList section */
	};
	rootObject = 1FEA7CE92BE8E86900EF2ED2 /* Project object */;
}
