// !$*UTF8*$!
{
	archiveVersion = 1;
	classes = {
	};
	objectVersion = 56;
	objects = {

/* Begin PBXBuildFile section */
		1F9664F52C048D21008E2283 /* dropdown.js in Resources */ = {isa = PBXBuildFile; fileRef = 1F9664B02C048D20008E2283 /* dropdown.js */; };
		1F9664F62C048D21008E2283 /* notification.js in Resources */ = {isa = PBXBuildFile; fileRef = 1F9664B12C048D20008E2283 /* notification.js */; };
		1F9664F72C048D21008E2283 /* chunk.5664.js in Resources */ = {isa = PBXBuildFile; fileRef = 1F9664B32C048D20008E2283 /* chunk.5664.js */; };
		1F9664F82C048D21008E2283 /* chunk.crypto-worker-api.js in Resources */ = {isa = PBXBuildFile; fileRef = 1F9664B52C048D20008E2283 /* chunk.crypto-worker-api.js */; };
		1F9664F92C048D21008E2283 /* settings.js in Resources */ = {isa = PBXBuildFile; fileRef = 1F9664B72C048D20008E2283 /* settings.js */; };
		1F9664FA2C048D21008E2283 /* settings.html in Resources */ = {isa = PBXBuildFile; fileRef = 1F9664B82C048D20008E2283 /* settings.html */; };
		1F9664FB2C048D21008E2283 /* chunk.5908.js in Resources */ = {isa = PBXBuildFile; fileRef = 1F9664B92C048D20008E2283 /* chunk.5908.js */; };
		1F9664FC2C048D21008E2283 /* dropdown.html in Resources */ = {isa = PBXBuildFile; fileRef = 1F9664BD2C048D20008E2283 /* dropdown.html */; };
		1F9664FD2C048D21008E2283 /* styles in Resources */ = {isa = PBXBuildFile; fileRef = 1F9664BF2C048D20008E2283 /* styles */; };
		1F9664FE2C048D21008E2283 /* chunk.6783.js in Resources */ = {isa = PBXBuildFile; fileRef = 1F9664C02C048D20008E2283 /* chunk.6783.js */; };
		1F9664FF2C048D21008E2283 /* manifest.json in Resources */ = {isa = PBXBuildFile; fileRef = 1F9664C12C048D20008E2283 /* manifest.json */; };
		1F9665002C048D21008E2283 /* onboarding.html in Resources */ = {isa = PBXBuildFile; fileRef = 1F9664C22C048D20008E2283 /* onboarding.html */; };
		1F9665012C048D21008E2283 /* 2df646675dbf3cad264b.module.wasm in Resources */ = {isa = PBXBuildFile; fileRef = 1F9664C32C048D20008E2283 /* 2df646675dbf3cad264b.module.wasm */; };
		1F9665022C048D21008E2283 /* webauthn.js in Resources */ = {isa = PBXBuildFile; fileRef = 1F9664C52C048D20008E2283 /* webauthn.js */; };
		1F9665032C048D21008E2283 /* chunk.crypto-worker-v6-canary.js in Resources */ = {isa = PBXBuildFile; fileRef = 1F9664CA2C048D20008E2283 /* chunk.crypto-worker-v6-canary.js */; };
		1F9665042C048D21008E2283 /* chunk.locales in Resources */ = {isa = PBXBuildFile; fileRef = 1F9664CB2C048D20008E2283 /* chunk.locales */; };
		1F9665052C048D21008E2283 /* chunk.5781.js in Resources */ = {isa = PBXBuildFile; fileRef = 1F9664CD2C048D20008E2283 /* chunk.5781.js */; };
		1F9665062C048D21008E2283 /* elements.js in Resources */ = {isa = PBXBuildFile; fileRef = 1F9664D02C048D20008E2283 /* elements.js */; };
		1F9665072C048D21008E2283 /* chunk.7143.js in Resources */ = {isa = PBXBuildFile; fileRef = 1F9664D12C048D20008E2283 /* chunk.7143.js */; };
		1F9665082C048D21008E2283 /* chunk.date-fns in Resources */ = {isa = PBXBuildFile; fileRef = 1F9664D22C048D20008E2283 /* chunk.date-fns */; };
		1F9665092C048D21008E2283 /* chunk.6504.js in Resources */ = {isa = PBXBuildFile; fileRef = 1F9664D32C048D20008E2283 /* chunk.6504.js */; };
		1F96650A2C048D21008E2283 /* assets in Resources */ = {isa = PBXBuildFile; fileRef = 1F9664D52C048D20008E2283 /* assets */; };
		1F96650B2C048D21008E2283 /* chunk.2494.js in Resources */ = {isa = PBXBuildFile; fileRef = 1F9664D62C048D20008E2283 /* chunk.2494.js */; };
		1F96650C2C048D21008E2283 /* popup.js in Resources */ = {isa = PBXBuildFile; fileRef = 1F9664D72C048D20008E2283 /* popup.js */; };
		1F96650D2C048D21008E2283 /* chunk.crypto-worker.js in Resources */ = {isa = PBXBuildFile; fileRef = 1F9664D92C048D20008E2283 /* chunk.crypto-worker.js */; };
		1F96650E2C048D21008E2283 /* chunk.6851.js in Resources */ = {isa = PBXBuildFile; fileRef = 1F9664DA2C048D21008E2283 /* chunk.6851.js */; };
		1F96650F2C048D21008E2283 /* notification.html in Resources */ = {isa = PBXBuildFile; fileRef = 1F9664DB2C048D21008E2283 /* notification.html */; };
		1F9665102C048D21008E2283 /* chunk.6659.js in Resources */ = {isa = PBXBuildFile; fileRef = 1F9664DC2C048D21008E2283 /* chunk.6659.js */; };
		1F9665112C048D21008E2283 /* onboarding.js in Resources */ = {isa = PBXBuildFile; fileRef = 1F9664DD2C048D21008E2283 /* onboarding.js */; };
		1F9665122C048D21008E2283 /* popup.html in Resources */ = {isa = PBXBuildFile; fileRef = 1F9664DF2C048D21008E2283 /* popup.html */; };
		1F9665132C048D21008E2283 /* chunk.1677.js in Resources */ = {isa = PBXBuildFile; fileRef = 1F9664E22C048D21008E2283 /* chunk.1677.js */; };
		1F9665142C048D21008E2283 /* orchestrator.js in Resources */ = {isa = PBXBuildFile; fileRef = 1F9664E32C048D21008E2283 /* orchestrator.js */; };
		1F9665152C048D21008E2283 /* chunk.8916.js in Resources */ = {isa = PBXBuildFile; fileRef = 1F9664E52C048D21008E2283 /* chunk.8916.js */; };
		1F9665162C048D21008E2283 /* background.js in Resources */ = {isa = PBXBuildFile; fileRef = 1F9664E82C048D21008E2283 /* background.js */; };
		1F9665172C048D21008E2283 /* chunk.1923.js in Resources */ = {isa = PBXBuildFile; fileRef = 1F9664E92C048D21008E2283 /* chunk.1923.js */; };
		1F9665182C048D21008E2283 /* chunk.3978.js in Resources */ = {isa = PBXBuildFile; fileRef = 1F9664EC2C048D21008E2283 /* chunk.3978.js */; };
		1F9665192C048D21008E2283 /* chunk.7449.js in Resources */ = {isa = PBXBuildFile; fileRef = 1F9664ED2C048D21008E2283 /* chunk.7449.js */; };
		1F96651A2C048D21008E2283 /* chunk.1470.js in Resources */ = {isa = PBXBuildFile; fileRef = 1F9664EF2C048D21008E2283 /* chunk.1470.js */; };
		1F96651B2C048D21008E2283 /* chunk.1147.js in Resources */ = {isa = PBXBuildFile; fileRef = 1F9664F22C048D21008E2283 /* chunk.1147.js */; };
		1F96651C2C048D21008E2283 /* client.js in Resources */ = {isa = PBXBuildFile; fileRef = 1F9664F32C048D21008E2283 /* client.js */; };
		1FEA7CF52BE8E86900EF2ED2 /* AppDelegate.swift in Sources */ = {isa = PBXBuildFile; fileRef = 1FEA7CF42BE8E86900EF2ED2 /* AppDelegate.swift */; };
		1FEA7CF92BE8E86900EF2ED2 /* Base in Resources */ = {isa = PBXBuildFile; fileRef = 1FEA7CF82BE8E86900EF2ED2 /* Base */; };
		1FEA7CFB2BE8E86900EF2ED2 /* Icon.png in Resources */ = {isa = PBXBuildFile; fileRef = 1FEA7CFA2BE8E86900EF2ED2 /* Icon.png */; };
		1FEA7CFD2BE8E86900EF2ED2 /* Style.css in Resources */ = {isa = PBXBuildFile; fileRef = 1FEA7CFC2BE8E86900EF2ED2 /* Style.css */; };
		1FEA7CFF2BE8E86900EF2ED2 /* Script.js in Resources */ = {isa = PBXBuildFile; fileRef = 1FEA7CFE2BE8E86900EF2ED2 /* Script.js */; };
		1FEA7D012BE8E86900EF2ED2 /* ViewController.swift in Sources */ = {isa = PBXBuildFile; fileRef = 1FEA7D002BE8E86900EF2ED2 /* ViewController.swift */; };
		1FEA7D042BE8E86900EF2ED2 /* Base in Resources */ = {isa = PBXBuildFile; fileRef = 1FEA7D032BE8E86900EF2ED2 /* Base */; };
		1FEA7D062BE8E86900EF2ED2 /* Assets.xcassets in Resources */ = {isa = PBXBuildFile; fileRef = 1FEA7D052BE8E86900EF2ED2 /* Assets.xcassets */; };
		1FEA7D0F2BE8E86A00EF2ED2 /* Proton Pass Extension.appex in Embed Foundation Extensions */ = {isa = PBXBuildFile; fileRef = 1FEA7D0E2BE8E86A00EF2ED2 /* Proton Pass Extension.appex */; settings = {ATTRIBUTES = (RemoveHeadersOnCopy, ); }; };
		1FEA7D142BE8E86A00EF2ED2 /* SafariWebExtensionHandler.swift in Sources */ = {isa = PBXBuildFile; fileRef = 1FEA7D132BE8E86A00EF2ED2 /* SafariWebExtensionHandler.swift */; };
/* End PBXBuildFile section */

/* Begin PBXContainerItemProxy section */
		1FEA7D102BE8E86A00EF2ED2 /* PBXContainerItemProxy */ = {
			isa = PBXContainerItemProxy;
			containerPortal = 1FEA7CE92BE8E86900EF2ED2 /* Project object */;
			proxyType = 1;
			remoteGlobalIDString = 1FEA7D0D2BE8E86A00EF2ED2;
			remoteInfo = "Proton Pass Extension";
		};
/* End PBXContainerItemProxy section */

/* Begin PBXCopyFilesBuildPhase section */
		1FEA7D1C2BE8E86A00EF2ED2 /* Embed Foundation Extensions */ = {
			isa = PBXCopyFilesBuildPhase;
			buildActionMask = 2147483647;
			dstPath = "";
			dstSubfolderSpec = 13;
			files = (
				1FEA7D0F2BE8E86A00EF2ED2 /* Proton Pass Extension.appex in Embed Foundation Extensions */,
			);
			name = "Embed Foundation Extensions";
			runOnlyForDeploymentPostprocessing = 0;
		};
/* End PBXCopyFilesBuildPhase section */

/* Begin PBXFileReference section */
		1F9664B02C048D20008E2283 /* dropdown.js */ = {isa = PBXFileReference; fileEncoding = 4; lastKnownFileType = sourcecode.javascript; name = dropdown.js; path = ../../dist/dropdown.js; sourceTree = "<group>"; };
		1F9664B12C048D20008E2283 /* notification.js */ = {isa = PBXFileReference; fileEncoding = 4; lastKnownFileType = sourcecode.javascript; name = notification.js; path = ../../dist/notification.js; sourceTree = "<group>"; };
		1F9664B22C048D20008E2283 /* onboarding.js.map */ = {isa = PBXFileReference; fileEncoding = 4; lastKnownFileType = "sourcecode.module-map"; name = onboarding.js.map; path = ../../dist/onboarding.js.map; sourceTree = "<group>"; };
		1F9664B32C048D20008E2283 /* chunk.5664.js */ = {isa = PBXFileReference; fileEncoding = 4; lastKnownFileType = sourcecode.javascript; name = chunk.5664.js; path = ../../dist/chunk.5664.js; sourceTree = "<group>"; };
		1F9664B42C048D20008E2283 /* settings.js.map */ = {isa = PBXFileReference; fileEncoding = 4; lastKnownFileType = "sourcecode.module-map"; name = settings.js.map; path = ../../dist/settings.js.map; sourceTree = "<group>"; };
		1F9664B52C048D20008E2283 /* chunk.crypto-worker-api.js */ = {isa = PBXFileReference; fileEncoding = 4; lastKnownFileType = sourcecode.javascript; name = "chunk.crypto-worker-api.js"; path = "../../dist/chunk.crypto-worker-api.js"; sourceTree = "<group>"; };
		1F9664B62C048D20008E2283 /* chunk.7449.js.map */ = {isa = PBXFileReference; fileEncoding = 4; lastKnownFileType = "sourcecode.module-map"; name = chunk.7449.js.map; path = ../../dist/chunk.7449.js.map; sourceTree = "<group>"; };
		1F9664B72C048D20008E2283 /* settings.js */ = {isa = PBXFileReference; fileEncoding = 4; lastKnownFileType = sourcecode.javascript; name = settings.js; path = ../../dist/settings.js; sourceTree = "<group>"; };
		1F9664B82C048D20008E2283 /* settings.html */ = {isa = PBXFileReference; fileEncoding = 4; lastKnownFileType = text.html; name = settings.html; path = ../../dist/settings.html; sourceTree = "<group>"; };
		1F9664B92C048D20008E2283 /* chunk.5908.js */ = {isa = PBXFileReference; fileEncoding = 4; lastKnownFileType = sourcecode.javascript; name = chunk.5908.js; path = ../../dist/chunk.5908.js; sourceTree = "<group>"; };
		1F9664BA2C048D20008E2283 /* popup.js.map */ = {isa = PBXFileReference; fileEncoding = 4; lastKnownFileType = "sourcecode.module-map"; name = popup.js.map; path = ../../dist/popup.js.map; sourceTree = "<group>"; };
		1F9664BB2C048D20008E2283 /* chunk.crypto-worker.js.map */ = {isa = PBXFileReference; fileEncoding = 4; lastKnownFileType = "sourcecode.module-map"; name = "chunk.crypto-worker.js.map"; path = "../../dist/chunk.crypto-worker.js.map"; sourceTree = "<group>"; };
		1F9664BC2C048D20008E2283 /* chunk.6504.js.map */ = {isa = PBXFileReference; fileEncoding = 4; lastKnownFileType = "sourcecode.module-map"; name = chunk.6504.js.map; path = ../../dist/chunk.6504.js.map; sourceTree = "<group>"; };
		1F9664BD2C048D20008E2283 /* dropdown.html */ = {isa = PBXFileReference; fileEncoding = 4; lastKnownFileType = text.html; name = dropdown.html; path = ../../dist/dropdown.html; sourceTree = "<group>"; };
		1F9664BE2C048D20008E2283 /* elements.js.map */ = {isa = PBXFileReference; fileEncoding = 4; lastKnownFileType = "sourcecode.module-map"; name = elements.js.map; path = ../../dist/elements.js.map; sourceTree = "<group>"; };
		1F9664BF2C048D20008E2283 /* styles */ = {isa = PBXFileReference; lastKnownFileType = folder; name = styles; path = ../../dist/styles; sourceTree = "<group>"; };
		1F9664C02C048D20008E2283 /* chunk.6783.js */ = {isa = PBXFileReference; fileEncoding = 4; lastKnownFileType = sourcecode.javascript; name = chunk.6783.js; path = ../../dist/chunk.6783.js; sourceTree = "<group>"; };
		1F9664C12C048D20008E2283 /* manifest.json */ = {isa = PBXFileReference; fileEncoding = 4; lastKnownFileType = text.json; name = manifest.json; path = ../../dist/manifest.json; sourceTree = "<group>"; };
		1F9664C22C048D20008E2283 /* onboarding.html */ = {isa = PBXFileReference; fileEncoding = 4; lastKnownFileType = text.html; name = onboarding.html; path = ../../dist/onboarding.html; sourceTree = "<group>"; };
		1F9664C32C048D20008E2283 /* 2df646675dbf3cad264b.module.wasm */ = {isa = PBXFileReference; lastKnownFileType = file; name = 2df646675dbf3cad264b.module.wasm; path = ../../dist/2df646675dbf3cad264b.module.wasm; sourceTree = "<group>"; };
		1F9664C42C048D20008E2283 /* chunk.crypto-worker-v6-canary.js.map */ = {isa = PBXFileReference; fileEncoding = 4; lastKnownFileType = "sourcecode.module-map"; name = "chunk.crypto-worker-v6-canary.js.map"; path = "../../dist/chunk.crypto-worker-v6-canary.js.map"; sourceTree = "<group>"; };
		1F9664C52C048D20008E2283 /* webauthn.js */ = {isa = PBXFileReference; fileEncoding = 4; lastKnownFileType = sourcecode.javascript; name = webauthn.js; path = ../../dist/webauthn.js; sourceTree = "<group>"; };
		1F9664C62C048D20008E2283 /* chunk.2494.js.map */ = {isa = PBXFileReference; fileEncoding = 4; lastKnownFileType = "sourcecode.module-map"; name = chunk.2494.js.map; path = ../../dist/chunk.2494.js.map; sourceTree = "<group>"; };
		1F9664C72C048D20008E2283 /* chunk.7143.js.map */ = {isa = PBXFileReference; fileEncoding = 4; lastKnownFileType = "sourcecode.module-map"; name = chunk.7143.js.map; path = ../../dist/chunk.7143.js.map; sourceTree = "<group>"; };
		1F9664C82C048D20008E2283 /* chunk.1923.js.map */ = {isa = PBXFileReference; fileEncoding = 4; lastKnownFileType = "sourcecode.module-map"; name = chunk.1923.js.map; path = ../../dist/chunk.1923.js.map; sourceTree = "<group>"; };
		1F9664C92C048D20008E2283 /* chunk.1147.js.map */ = {isa = PBXFileReference; fileEncoding = 4; lastKnownFileType = "sourcecode.module-map"; name = chunk.1147.js.map; path = ../../dist/chunk.1147.js.map; sourceTree = "<group>"; };
		1F9664CA2C048D20008E2283 /* chunk.crypto-worker-v6-canary.js */ = {isa = PBXFileReference; fileEncoding = 4; lastKnownFileType = sourcecode.javascript; name = "chunk.crypto-worker-v6-canary.js"; path = "../../dist/chunk.crypto-worker-v6-canary.js"; sourceTree = "<group>"; };
		1F9664CB2C048D20008E2283 /* chunk.locales */ = {isa = PBXFileReference; lastKnownFileType = folder; name = chunk.locales; path = ../../dist/chunk.locales; sourceTree = "<group>"; };
		1F9664CC2C048D20008E2283 /* chunk.crypto-worker-api.js.map */ = {isa = PBXFileReference; fileEncoding = 4; lastKnownFileType = "sourcecode.module-map"; name = "chunk.crypto-worker-api.js.map"; path = "../../dist/chunk.crypto-worker-api.js.map"; sourceTree = "<group>"; };
		1F9664CD2C048D20008E2283 /* chunk.5781.js */ = {isa = PBXFileReference; fileEncoding = 4; lastKnownFileType = sourcecode.javascript; name = chunk.5781.js; path = ../../dist/chunk.5781.js; sourceTree = "<group>"; };
		1F9664CE2C048D20008E2283 /* chunk.6851.js.map */ = {isa = PBXFileReference; fileEncoding = 4; lastKnownFileType = "sourcecode.module-map"; name = chunk.6851.js.map; path = ../../dist/chunk.6851.js.map; sourceTree = "<group>"; };
		1F9664CF2C048D20008E2283 /* client.js.map */ = {isa = PBXFileReference; fileEncoding = 4; lastKnownFileType = "sourcecode.module-map"; name = client.js.map; path = ../../dist/client.js.map; sourceTree = "<group>"; };
		1F9664D02C048D20008E2283 /* elements.js */ = {isa = PBXFileReference; fileEncoding = 4; lastKnownFileType = sourcecode.javascript; name = elements.js; path = ../../dist/elements.js; sourceTree = "<group>"; };
		1F9664D12C048D20008E2283 /* chunk.7143.js */ = {isa = PBXFileReference; fileEncoding = 4; lastKnownFileType = sourcecode.javascript; name = chunk.7143.js; path = ../../dist/chunk.7143.js; sourceTree = "<group>"; };
		1F9664D22C048D20008E2283 /* chunk.date-fns */ = {isa = PBXFileReference; lastKnownFileType = folder; name = "chunk.date-fns"; path = "../../dist/chunk.date-fns"; sourceTree = "<group>"; };
		1F9664D32C048D20008E2283 /* chunk.6504.js */ = {isa = PBXFileReference; fileEncoding = 4; lastKnownFileType = sourcecode.javascript; name = chunk.6504.js; path = ../../dist/chunk.6504.js; sourceTree = "<group>"; };
		1F9664D42C048D20008E2283 /* notification.js.map */ = {isa = PBXFileReference; fileEncoding = 4; lastKnownFileType = "sourcecode.module-map"; name = notification.js.map; path = ../../dist/notification.js.map; sourceTree = "<group>"; };
		1F9664D52C048D20008E2283 /* assets */ = {isa = PBXFileReference; lastKnownFileType = folder; name = assets; path = ../../dist/assets; sourceTree = "<group>"; };
		1F9664D62C048D20008E2283 /* chunk.2494.js */ = {isa = PBXFileReference; fileEncoding = 4; lastKnownFileType = sourcecode.javascript; name = chunk.2494.js; path = ../../dist/chunk.2494.js; sourceTree = "<group>"; };
		1F9664D72C048D20008E2283 /* popup.js */ = {isa = PBXFileReference; fileEncoding = 4; lastKnownFileType = sourcecode.javascript; name = popup.js; path = ../../dist/popup.js; sourceTree = "<group>"; };
		1F9664D82C048D20008E2283 /* chunk.5908.js.map */ = {isa = PBXFileReference; fileEncoding = 4; lastKnownFileType = "sourcecode.module-map"; name = chunk.5908.js.map; path = ../../dist/chunk.5908.js.map; sourceTree = "<group>"; };
		1F9664D92C048D20008E2283 /* chunk.crypto-worker.js */ = {isa = PBXFileReference; fileEncoding = 4; lastKnownFileType = sourcecode.javascript; name = "chunk.crypto-worker.js"; path = "../../dist/chunk.crypto-worker.js"; sourceTree = "<group>"; };
		1F9664DA2C048D21008E2283 /* chunk.6851.js */ = {isa = PBXFileReference; fileEncoding = 4; lastKnownFileType = sourcecode.javascript; name = chunk.6851.js; path = ../../dist/chunk.6851.js; sourceTree = "<group>"; };
		1F9664DB2C048D21008E2283 /* notification.html */ = {isa = PBXFileReference; fileEncoding = 4; lastKnownFileType = text.html; name = notification.html; path = ../../dist/notification.html; sourceTree = "<group>"; };
		1F9664DC2C048D21008E2283 /* chunk.6659.js */ = {isa = PBXFileReference; fileEncoding = 4; lastKnownFileType = sourcecode.javascript; name = chunk.6659.js; path = ../../dist/chunk.6659.js; sourceTree = "<group>"; };
		1F9664DD2C048D21008E2283 /* onboarding.js */ = {isa = PBXFileReference; fileEncoding = 4; lastKnownFileType = sourcecode.javascript; name = onboarding.js; path = ../../dist/onboarding.js; sourceTree = "<group>"; };
		1F9664DE2C048D21008E2283 /* chunk.1677.js.map */ = {isa = PBXFileReference; fileEncoding = 4; lastKnownFileType = "sourcecode.module-map"; name = chunk.1677.js.map; path = ../../dist/chunk.1677.js.map; sourceTree = "<group>"; };
		1F9664DF2C048D21008E2283 /* popup.html */ = {isa = PBXFileReference; fileEncoding = 4; lastKnownFileType = text.html; name = popup.html; path = ../../dist/popup.html; sourceTree = "<group>"; };
		1F9664E02C048D21008E2283 /* chunk.6659.js.map */ = {isa = PBXFileReference; fileEncoding = 4; lastKnownFileType = "sourcecode.module-map"; name = chunk.6659.js.map; path = ../../dist/chunk.6659.js.map; sourceTree = "<group>"; };
		1F9664E12C048D21008E2283 /* chunk.6783.js.map */ = {isa = PBXFileReference; fileEncoding = 4; lastKnownFileType = "sourcecode.module-map"; name = chunk.6783.js.map; path = ../../dist/chunk.6783.js.map; sourceTree = "<group>"; };
		1F9664E22C048D21008E2283 /* chunk.1677.js */ = {isa = PBXFileReference; fileEncoding = 4; lastKnownFileType = sourcecode.javascript; name = chunk.1677.js; path = ../../dist/chunk.1677.js; sourceTree = "<group>"; };
		1F9664E32C048D21008E2283 /* orchestrator.js */ = {isa = PBXFileReference; fileEncoding = 4; lastKnownFileType = sourcecode.javascript; name = orchestrator.js; path = ../../dist/orchestrator.js; sourceTree = "<group>"; };
		1F9664E42C048D21008E2283 /* chunk.3978.js.map */ = {isa = PBXFileReference; fileEncoding = 4; lastKnownFileType = "sourcecode.module-map"; name = chunk.3978.js.map; path = ../../dist/chunk.3978.js.map; sourceTree = "<group>"; };
		1F9664E52C048D21008E2283 /* chunk.8916.js */ = {isa = PBXFileReference; fileEncoding = 4; lastKnownFileType = sourcecode.javascript; name = chunk.8916.js; path = ../../dist/chunk.8916.js; sourceTree = "<group>"; };
		1F9664E62C048D21008E2283 /* dropdown.js.map */ = {isa = PBXFileReference; fileEncoding = 4; lastKnownFileType = "sourcecode.module-map"; name = dropdown.js.map; path = ../../dist/dropdown.js.map; sourceTree = "<group>"; };
		1F9664E72C048D21008E2283 /* chunk.5664.js.map */ = {isa = PBXFileReference; fileEncoding = 4; lastKnownFileType = "sourcecode.module-map"; name = chunk.5664.js.map; path = ../../dist/chunk.5664.js.map; sourceTree = "<group>"; };
		1F9664E82C048D21008E2283 /* background.js */ = {isa = PBXFileReference; fileEncoding = 4; lastKnownFileType = sourcecode.javascript; name = background.js; path = ../../dist/background.js; sourceTree = "<group>"; };
		1F9664E92C048D21008E2283 /* chunk.1923.js */ = {isa = PBXFileReference; fileEncoding = 4; lastKnownFileType = sourcecode.javascript; name = chunk.1923.js; path = ../../dist/chunk.1923.js; sourceTree = "<group>"; };
		1F9664EA2C048D21008E2283 /* webauthn.js.map */ = {isa = PBXFileReference; fileEncoding = 4; lastKnownFileType = "sourcecode.module-map"; name = webauthn.js.map; path = ../../dist/webauthn.js.map; sourceTree = "<group>"; };
		1F9664EB2C048D21008E2283 /* background.js.map */ = {isa = PBXFileReference; fileEncoding = 4; lastKnownFileType = "sourcecode.module-map"; name = background.js.map; path = ../../dist/background.js.map; sourceTree = "<group>"; };
		1F9664EC2C048D21008E2283 /* chunk.3978.js */ = {isa = PBXFileReference; fileEncoding = 4; lastKnownFileType = sourcecode.javascript; name = chunk.3978.js; path = ../../dist/chunk.3978.js; sourceTree = "<group>"; };
		1F9664ED2C048D21008E2283 /* chunk.7449.js */ = {isa = PBXFileReference; fileEncoding = 4; lastKnownFileType = sourcecode.javascript; name = chunk.7449.js; path = ../../dist/chunk.7449.js; sourceTree = "<group>"; };
		1F9664EE2C048D21008E2283 /* chunk.1470.js.map */ = {isa = PBXFileReference; fileEncoding = 4; lastKnownFileType = "sourcecode.module-map"; name = chunk.1470.js.map; path = ../../dist/chunk.1470.js.map; sourceTree = "<group>"; };
		1F9664EF2C048D21008E2283 /* chunk.1470.js */ = {isa = PBXFileReference; fileEncoding = 4; lastKnownFileType = sourcecode.javascript; name = chunk.1470.js; path = ../../dist/chunk.1470.js; sourceTree = "<group>"; };
		1F9664F02C048D21008E2283 /* orchestrator.js.map */ = {isa = PBXFileReference; fileEncoding = 4; lastKnownFileType = "sourcecode.module-map"; name = orchestrator.js.map; path = ../../dist/orchestrator.js.map; sourceTree = "<group>"; };
		1F9664F12C048D21008E2283 /* chunk.5781.js.map */ = {isa = PBXFileReference; fileEncoding = 4; lastKnownFileType = "sourcecode.module-map"; name = chunk.5781.js.map; path = ../../dist/chunk.5781.js.map; sourceTree = "<group>"; };
		1F9664F22C048D21008E2283 /* chunk.1147.js */ = {isa = PBXFileReference; fileEncoding = 4; lastKnownFileType = sourcecode.javascript; name = chunk.1147.js; path = ../../dist/chunk.1147.js; sourceTree = "<group>"; };
		1F9664F32C048D21008E2283 /* client.js */ = {isa = PBXFileReference; fileEncoding = 4; lastKnownFileType = sourcecode.javascript; name = client.js; path = ../../dist/client.js; sourceTree = "<group>"; };
		1F9664F42C048D21008E2283 /* chunk.8916.js.map */ = {isa = PBXFileReference; fileEncoding = 4; lastKnownFileType = "sourcecode.module-map"; name = chunk.8916.js.map; path = ../../dist/chunk.8916.js.map; sourceTree = "<group>"; };
		1FEA7CF12BE8E86900EF2ED2 /* Proton Pass.app */ = {isa = PBXFileReference; explicitFileType = wrapper.application; includeInIndex = 0; path = "Proton Pass.app"; sourceTree = BUILT_PRODUCTS_DIR; };
		1FEA7CF42BE8E86900EF2ED2 /* AppDelegate.swift */ = {isa = PBXFileReference; lastKnownFileType = sourcecode.swift; path = AppDelegate.swift; sourceTree = "<group>"; };
		1FEA7CF82BE8E86900EF2ED2 /* Base */ = {isa = PBXFileReference; lastKnownFileType = text.html; name = Base; path = ../Base.lproj/Main.html; sourceTree = "<group>"; };
		1FEA7CFA2BE8E86900EF2ED2 /* Icon.png */ = {isa = PBXFileReference; lastKnownFileType = image.png; path = Icon.png; sourceTree = "<group>"; };
		1FEA7CFC2BE8E86900EF2ED2 /* Style.css */ = {isa = PBXFileReference; lastKnownFileType = text.css; path = Style.css; sourceTree = "<group>"; };
		1FEA7CFE2BE8E86900EF2ED2 /* Script.js */ = {isa = PBXFileReference; lastKnownFileType = sourcecode.javascript; path = Script.js; sourceTree = "<group>"; };
		1FEA7D002BE8E86900EF2ED2 /* ViewController.swift */ = {isa = PBXFileReference; lastKnownFileType = sourcecode.swift; path = ViewController.swift; sourceTree = "<group>"; };
		1FEA7D032BE8E86900EF2ED2 /* Base */ = {isa = PBXFileReference; lastKnownFileType = file.storyboard; name = Base; path = Base.lproj/Main.storyboard; sourceTree = "<group>"; };
		1FEA7D052BE8E86900EF2ED2 /* Assets.xcassets */ = {isa = PBXFileReference; lastKnownFileType = folder.assetcatalog; path = Assets.xcassets; sourceTree = "<group>"; };
		1FEA7D072BE8E86900EF2ED2 /* Info.plist */ = {isa = PBXFileReference; lastKnownFileType = text.plist.xml; path = Info.plist; sourceTree = "<group>"; };
		1FEA7D092BE8E86900EF2ED2 /* Proton Pass.entitlements */ = {isa = PBXFileReference; lastKnownFileType = text.plist.entitlements; path = "Proton Pass.entitlements"; sourceTree = "<group>"; };
		1FEA7D0E2BE8E86A00EF2ED2 /* Proton Pass Extension.appex */ = {isa = PBXFileReference; explicitFileType = "wrapper.app-extension"; includeInIndex = 0; path = "Proton Pass Extension.appex"; sourceTree = BUILT_PRODUCTS_DIR; };
		1FEA7D132BE8E86A00EF2ED2 /* SafariWebExtensionHandler.swift */ = {isa = PBXFileReference; lastKnownFileType = sourcecode.swift; path = SafariWebExtensionHandler.swift; sourceTree = "<group>"; };
		1FEA7D152BE8E86A00EF2ED2 /* Info.plist */ = {isa = PBXFileReference; lastKnownFileType = text.plist.xml; path = Info.plist; sourceTree = "<group>"; };
		1FEA7D162BE8E86A00EF2ED2 /* Proton Pass Extension.entitlements */ = {isa = PBXFileReference; lastKnownFileType = text.plist.entitlements; path = "Proton Pass Extension.entitlements"; sourceTree = "<group>"; };
/* End PBXFileReference section */

/* Begin PBXFrameworksBuildPhase section */
		1FEA7CEE2BE8E86900EF2ED2 /* Frameworks */ = {
			isa = PBXFrameworksBuildPhase;
			buildActionMask = 2147483647;
			files = (
			);
			runOnlyForDeploymentPostprocessing = 0;
		};
		1FEA7D0B2BE8E86A00EF2ED2 /* Frameworks */ = {
			isa = PBXFrameworksBuildPhase;
			buildActionMask = 2147483647;
			files = (
			);
			runOnlyForDeploymentPostprocessing = 0;
		};
/* End PBXFrameworksBuildPhase section */

/* Begin PBXGroup section */
		1F5AFA6C2BF380E800C88A8E /* Resources */ = {
			isa = PBXGroup;
			children = (
				1F9664C32C048D20008E2283 /* 2df646675dbf3cad264b.module.wasm */,
				1F9664D52C048D20008E2283 /* assets */,
				1F9664E82C048D21008E2283 /* background.js */,
				1F9664EB2C048D21008E2283 /* background.js.map */,
				1F9664F22C048D21008E2283 /* chunk.1147.js */,
				1F9664C92C048D20008E2283 /* chunk.1147.js.map */,
				1F9664EF2C048D21008E2283 /* chunk.1470.js */,
				1F9664EE2C048D21008E2283 /* chunk.1470.js.map */,
				1F9664E22C048D21008E2283 /* chunk.1677.js */,
				1F9664DE2C048D21008E2283 /* chunk.1677.js.map */,
				1F9664E92C048D21008E2283 /* chunk.1923.js */,
				1F9664C82C048D20008E2283 /* chunk.1923.js.map */,
				1F9664D62C048D20008E2283 /* chunk.2494.js */,
				1F9664C62C048D20008E2283 /* chunk.2494.js.map */,
				1F9664EC2C048D21008E2283 /* chunk.3978.js */,
				1F9664E42C048D21008E2283 /* chunk.3978.js.map */,
				1F9664B32C048D20008E2283 /* chunk.5664.js */,
				1F9664E72C048D21008E2283 /* chunk.5664.js.map */,
				1F9664CD2C048D20008E2283 /* chunk.5781.js */,
				1F9664F12C048D21008E2283 /* chunk.5781.js.map */,
				1F9664B92C048D20008E2283 /* chunk.5908.js */,
				1F9664D82C048D20008E2283 /* chunk.5908.js.map */,
				1F9664D32C048D20008E2283 /* chunk.6504.js */,
				1F9664BC2C048D20008E2283 /* chunk.6504.js.map */,
				1F9664DC2C048D21008E2283 /* chunk.6659.js */,
				1F9664E02C048D21008E2283 /* chunk.6659.js.map */,
				1F9664C02C048D20008E2283 /* chunk.6783.js */,
				1F9664E12C048D21008E2283 /* chunk.6783.js.map */,
				1F9664DA2C048D21008E2283 /* chunk.6851.js */,
				1F9664CE2C048D20008E2283 /* chunk.6851.js.map */,
				1F9664D12C048D20008E2283 /* chunk.7143.js */,
				1F9664C72C048D20008E2283 /* chunk.7143.js.map */,
				1F9664ED2C048D21008E2283 /* chunk.7449.js */,
				1F9664B62C048D20008E2283 /* chunk.7449.js.map */,
				1F9664E52C048D21008E2283 /* chunk.8916.js */,
				1F9664F42C048D21008E2283 /* chunk.8916.js.map */,
				1F9664B52C048D20008E2283 /* chunk.crypto-worker-api.js */,
				1F9664CC2C048D20008E2283 /* chunk.crypto-worker-api.js.map */,
				1F9664CA2C048D20008E2283 /* chunk.crypto-worker-v6-canary.js */,
				1F9664C42C048D20008E2283 /* chunk.crypto-worker-v6-canary.js.map */,
				1F9664D92C048D20008E2283 /* chunk.crypto-worker.js */,
				1F9664BB2C048D20008E2283 /* chunk.crypto-worker.js.map */,
				1F9664D22C048D20008E2283 /* chunk.date-fns */,
				1F9664CB2C048D20008E2283 /* chunk.locales */,
				1F9664F32C048D21008E2283 /* client.js */,
				1F9664CF2C048D20008E2283 /* client.js.map */,
				1F9664BD2C048D20008E2283 /* dropdown.html */,
				1F9664B02C048D20008E2283 /* dropdown.js */,
				1F9664E62C048D21008E2283 /* dropdown.js.map */,
				1F9664D02C048D20008E2283 /* elements.js */,
				1F9664BE2C048D20008E2283 /* elements.js.map */,
				1F9664C12C048D20008E2283 /* manifest.json */,
				1F9664DB2C048D21008E2283 /* notification.html */,
				1F9664B12C048D20008E2283 /* notification.js */,
				1F9664D42C048D20008E2283 /* notification.js.map */,
				1F9664C22C048D20008E2283 /* onboarding.html */,
				1F9664DD2C048D21008E2283 /* onboarding.js */,
				1F9664B22C048D20008E2283 /* onboarding.js.map */,
				1F9664E32C048D21008E2283 /* orchestrator.js */,
				1F9664F02C048D21008E2283 /* orchestrator.js.map */,
				1F9664DF2C048D21008E2283 /* popup.html */,
				1F9664D72C048D20008E2283 /* popup.js */,
				1F9664BA2C048D20008E2283 /* popup.js.map */,
				1F9664B82C048D20008E2283 /* settings.html */,
				1F9664B72C048D20008E2283 /* settings.js */,
				1F9664B42C048D20008E2283 /* settings.js.map */,
				1F9664BF2C048D20008E2283 /* styles */,
				1F9664C52C048D20008E2283 /* webauthn.js */,
				1F9664EA2C048D21008E2283 /* webauthn.js.map */,
			);
			name = Resources;
			sourceTree = "<group>";
		};
		1FEA7CE82BE8E86900EF2ED2 = {
			isa = PBXGroup;
			children = (
				1FEA7CF32BE8E86900EF2ED2 /* Proton Pass */,
				1FEA7D122BE8E86A00EF2ED2 /* Proton Pass Extension */,
				1FEA7CF22BE8E86900EF2ED2 /* Products */,
			);
			sourceTree = "<group>";
		};
		1FEA7CF22BE8E86900EF2ED2 /* Products */ = {
			isa = PBXGroup;
			children = (
				1FEA7CF12BE8E86900EF2ED2 /* Proton Pass.app */,
				1FEA7D0E2BE8E86A00EF2ED2 /* Proton Pass Extension.appex */,
			);
			name = Products;
			sourceTree = "<group>";
		};
		1FEA7CF32BE8E86900EF2ED2 /* Proton Pass */ = {
			isa = PBXGroup;
			children = (
				1FEA7CF42BE8E86900EF2ED2 /* AppDelegate.swift */,
				1FEA7D002BE8E86900EF2ED2 /* ViewController.swift */,
				1FEA7D022BE8E86900EF2ED2 /* Main.storyboard */,
				1FEA7D052BE8E86900EF2ED2 /* Assets.xcassets */,
				1FEA7D072BE8E86900EF2ED2 /* Info.plist */,
				1FEA7D092BE8E86900EF2ED2 /* Proton Pass.entitlements */,
				1FEA7CF62BE8E86900EF2ED2 /* Resources */,
			);
			path = "Proton Pass";
			sourceTree = "<group>";
		};
		1FEA7CF62BE8E86900EF2ED2 /* Resources */ = {
			isa = PBXGroup;
			children = (
				1FEA7CF72BE8E86900EF2ED2 /* Main.html */,
				1FEA7CFA2BE8E86900EF2ED2 /* Icon.png */,
				1FEA7CFC2BE8E86900EF2ED2 /* Style.css */,
				1FEA7CFE2BE8E86900EF2ED2 /* Script.js */,
			);
			path = Resources;
			sourceTree = "<group>";
		};
		1FEA7D122BE8E86A00EF2ED2 /* Proton Pass Extension */ = {
			isa = PBXGroup;
			children = (
				1F5AFA6C2BF380E800C88A8E /* Resources */,
				1FEA7D132BE8E86A00EF2ED2 /* SafariWebExtensionHandler.swift */,
				1FEA7D152BE8E86A00EF2ED2 /* Info.plist */,
				1FEA7D162BE8E86A00EF2ED2 /* Proton Pass Extension.entitlements */,
			);
			path = "Proton Pass Extension";
			sourceTree = "<group>";
		};
/* End PBXGroup section */

/* Begin PBXNativeTarget section */
		1FEA7CF02BE8E86900EF2ED2 /* Proton Pass */ = {
			isa = PBXNativeTarget;
			buildConfigurationList = 1FEA7D1D2BE8E86A00EF2ED2 /* Build configuration list for PBXNativeTarget "Proton Pass" */;
			buildPhases = (
				1FEA7CED2BE8E86900EF2ED2 /* Sources */,
				1FEA7CEE2BE8E86900EF2ED2 /* Frameworks */,
				1FEA7CEF2BE8E86900EF2ED2 /* Resources */,
				1FEA7D1C2BE8E86A00EF2ED2 /* Embed Foundation Extensions */,
			);
			buildRules = (
			);
			dependencies = (
				1FEA7D112BE8E86A00EF2ED2 /* PBXTargetDependency */,
			);
			name = "Proton Pass";
			productName = "Proton Pass";
			productReference = 1FEA7CF12BE8E86900EF2ED2 /* Proton Pass.app */;
			productType = "com.apple.product-type.application";
		};
		1FEA7D0D2BE8E86A00EF2ED2 /* Proton Pass Extension */ = {
			isa = PBXNativeTarget;
			buildConfigurationList = 1FEA7D192BE8E86A00EF2ED2 /* Build configuration list for PBXNativeTarget "Proton Pass Extension" */;
			buildPhases = (
				1FEA7D0A2BE8E86A00EF2ED2 /* Sources */,
				1FEA7D0B2BE8E86A00EF2ED2 /* Frameworks */,
				1FEA7D0C2BE8E86A00EF2ED2 /* Resources */,
			);
			buildRules = (
			);
			dependencies = (
			);
			name = "Proton Pass Extension";
			productName = "Proton Pass Extension";
			productReference = 1FEA7D0E2BE8E86A00EF2ED2 /* Proton Pass Extension.appex */;
			productType = "com.apple.product-type.app-extension";
		};
/* End PBXNativeTarget section */

/* Begin PBXProject section */
		1FEA7CE92BE8E86900EF2ED2 /* Project object */ = {
			isa = PBXProject;
			attributes = {
				BuildIndependentTargetsInParallel = 1;
				LastSwiftUpdateCheck = 1530;
				LastUpgradeCheck = 1530;
				TargetAttributes = {
					1FEA7CF02BE8E86900EF2ED2 = {
						CreatedOnToolsVersion = 15.3;
					};
					1FEA7D0D2BE8E86A00EF2ED2 = {
						CreatedOnToolsVersion = 15.3;
					};
				};
			};
			buildConfigurationList = 1FEA7CEC2BE8E86900EF2ED2 /* Build configuration list for PBXProject "Proton Pass" */;
			compatibilityVersion = "Xcode 14.0";
			developmentRegion = en;
			hasScannedForEncodings = 0;
			knownRegions = (
				en,
				Base,
			);
			mainGroup = 1FEA7CE82BE8E86900EF2ED2;
			productRefGroup = 1FEA7CF22BE8E86900EF2ED2 /* Products */;
			projectDirPath = "";
			projectRoot = "";
			targets = (
				1FEA7CF02BE8E86900EF2ED2 /* Proton Pass */,
				1FEA7D0D2BE8E86A00EF2ED2 /* Proton Pass Extension */,
			);
		};
/* End PBXProject section */

/* Begin PBXResourcesBuildPhase section */
		1FEA7CEF2BE8E86900EF2ED2 /* Resources */ = {
			isa = PBXResourcesBuildPhase;
			buildActionMask = 2147483647;
			files = (
				1FEA7CFB2BE8E86900EF2ED2 /* Icon.png in Resources */,
				1FEA7CFF2BE8E86900EF2ED2 /* Script.js in Resources */,
				1FEA7CF92BE8E86900EF2ED2 /* Base in Resources */,
				1FEA7CFD2BE8E86900EF2ED2 /* Style.css in Resources */,
				1FEA7D062BE8E86900EF2ED2 /* Assets.xcassets in Resources */,
				1FEA7D042BE8E86900EF2ED2 /* Base in Resources */,
			);
			runOnlyForDeploymentPostprocessing = 0;
		};
		1FEA7D0C2BE8E86A00EF2ED2 /* Resources */ = {
			isa = PBXResourcesBuildPhase;
			buildActionMask = 2147483647;
			files = (
				1F9664F52C048D21008E2283 /* dropdown.js in Resources */,
				1F9665172C048D21008E2283 /* chunk.1923.js in Resources */,
				1F9665182C048D21008E2283 /* chunk.3978.js in Resources */,
				1F9665122C048D21008E2283 /* popup.html in Resources */,
				1F9664FD2C048D21008E2283 /* styles in Resources */,
				1F9664F92C048D21008E2283 /* settings.js in Resources */,
				1F9664F62C048D21008E2283 /* notification.js in Resources */,
				1F9665152C048D21008E2283 /* chunk.8916.js in Resources */,
				1F96650F2C048D21008E2283 /* notification.html in Resources */,
				1F9664FA2C048D21008E2283 /* settings.html in Resources */,
				1F9664FF2C048D21008E2283 /* manifest.json in Resources */,
				1F9665132C048D21008E2283 /* chunk.1677.js in Resources */,
				1F9664FB2C048D21008E2283 /* chunk.5908.js in Resources */,
				1F96650C2C048D21008E2283 /* popup.js in Resources */,
				1F9665082C048D21008E2283 /* chunk.date-fns in Resources */,
				1F96651A2C048D21008E2283 /* chunk.1470.js in Resources */,
				1F9665112C048D21008E2283 /* onboarding.js in Resources */,
				1F9665062C048D21008E2283 /* elements.js in Resources */,
				1F9665042C048D21008E2283 /* chunk.locales in Resources */,
				1F96650E2C048D21008E2283 /* chunk.6851.js in Resources */,
				1F9665102C048D21008E2283 /* chunk.6659.js in Resources */,
				1F9664FC2C048D21008E2283 /* dropdown.html in Resources */,
				1F9665022C048D21008E2283 /* webauthn.js in Resources */,
				1F9665072C048D21008E2283 /* chunk.7143.js in Resources */,
				1F9664F72C048D21008E2283 /* chunk.5664.js in Resources */,
				1F96650D2C048D21008E2283 /* chunk.crypto-worker.js in Resources */,
				1F96651B2C048D21008E2283 /* chunk.1147.js in Resources */,
				1F9665092C048D21008E2283 /* chunk.6504.js in Resources */,
				1F9665052C048D21008E2283 /* chunk.5781.js in Resources */,
				1F9665012C048D21008E2283 /* 2df646675dbf3cad264b.module.wasm in Resources */,
				1F9665002C048D21008E2283 /* onboarding.html in Resources */,
				1F9665142C048D21008E2283 /* orchestrator.js in Resources */,
				1F9664F82C048D21008E2283 /* chunk.crypto-worker-api.js in Resources */,
				1F9664FE2C048D21008E2283 /* chunk.6783.js in Resources */,
				1F96650B2C048D21008E2283 /* chunk.2494.js in Resources */,
				1F96651C2C048D21008E2283 /* client.js in Resources */,
				1F9665032C048D21008E2283 /* chunk.crypto-worker-v6-canary.js in Resources */,
				1F9665162C048D21008E2283 /* background.js in Resources */,
				1F96650A2C048D21008E2283 /* assets in Resources */,
				1F9665192C048D21008E2283 /* chunk.7449.js in Resources */,
			);
			runOnlyForDeploymentPostprocessing = 0;
		};
/* End PBXResourcesBuildPhase section */

/* Begin PBXSourcesBuildPhase section */
		1FEA7CED2BE8E86900EF2ED2 /* Sources */ = {
			isa = PBXSourcesBuildPhase;
			buildActionMask = 2147483647;
			files = (
				1FEA7D012BE8E86900EF2ED2 /* ViewController.swift in Sources */,
				1FEA7CF52BE8E86900EF2ED2 /* AppDelegate.swift in Sources */,
			);
			runOnlyForDeploymentPostprocessing = 0;
		};
		1FEA7D0A2BE8E86A00EF2ED2 /* Sources */ = {
			isa = PBXSourcesBuildPhase;
			buildActionMask = 2147483647;
			files = (
				1FEA7D142BE8E86A00EF2ED2 /* SafariWebExtensionHandler.swift in Sources */,
			);
			runOnlyForDeploymentPostprocessing = 0;
		};
/* End PBXSourcesBuildPhase section */

/* Begin PBXTargetDependency section */
		1FEA7D112BE8E86A00EF2ED2 /* PBXTargetDependency */ = {
			isa = PBXTargetDependency;
			target = 1FEA7D0D2BE8E86A00EF2ED2 /* Proton Pass Extension */;
			targetProxy = 1FEA7D102BE8E86A00EF2ED2 /* PBXContainerItemProxy */;
		};
/* End PBXTargetDependency section */

/* Begin PBXVariantGroup section */
		1FEA7CF72BE8E86900EF2ED2 /* Main.html */ = {
			isa = PBXVariantGroup;
			children = (
				1FEA7CF82BE8E86900EF2ED2 /* Base */,
			);
			name = Main.html;
			sourceTree = "<group>";
		};
		1FEA7D022BE8E86900EF2ED2 /* Main.storyboard */ = {
			isa = PBXVariantGroup;
			children = (
				1FEA7D032BE8E86900EF2ED2 /* Base */,
			);
			name = Main.storyboard;
			sourceTree = "<group>";
		};
/* End PBXVariantGroup section */

/* Begin XCBuildConfiguration section */
		1FEA7D172BE8E86A00EF2ED2 /* Debug */ = {
			isa = XCBuildConfiguration;
			buildSettings = {
				ALWAYS_SEARCH_USER_PATHS = NO;
				ASSETCATALOG_COMPILER_GENERATE_SWIFT_ASSET_SYMBOL_EXTENSIONS = YES;
				CLANG_ANALYZER_NONNULL = YES;
				CLANG_ANALYZER_NUMBER_OBJECT_CONVERSION = YES_AGGRESSIVE;
				CLANG_CXX_LANGUAGE_STANDARD = "gnu++20";
				CLANG_ENABLE_MODULES = YES;
				CLANG_ENABLE_OBJC_ARC = YES;
				CLANG_ENABLE_OBJC_WEAK = YES;
				CLANG_WARN_BLOCK_CAPTURE_AUTORELEASING = YES;
				CLANG_WARN_BOOL_CONVERSION = YES;
				CLANG_WARN_COMMA = YES;
				CLANG_WARN_CONSTANT_CONVERSION = YES;
				CLANG_WARN_DEPRECATED_OBJC_IMPLEMENTATIONS = YES;
				CLANG_WARN_DIRECT_OBJC_ISA_USAGE = YES_ERROR;
				CLANG_WARN_DOCUMENTATION_COMMENTS = YES;
				CLANG_WARN_EMPTY_BODY = YES;
				CLANG_WARN_ENUM_CONVERSION = YES;
				CLANG_WARN_INFINITE_RECURSION = YES;
				CLANG_WARN_INT_CONVERSION = YES;
				CLANG_WARN_NON_LITERAL_NULL_CONVERSION = YES;
				CLANG_WARN_OBJC_IMPLICIT_RETAIN_SELF = YES;
				CLANG_WARN_OBJC_LITERAL_CONVERSION = YES;
				CLANG_WARN_OBJC_ROOT_CLASS = YES_ERROR;
				CLANG_WARN_QUOTED_INCLUDE_IN_FRAMEWORK_HEADER = YES;
				CLANG_WARN_RANGE_LOOP_ANALYSIS = YES;
				CLANG_WARN_STRICT_PROTOTYPES = YES;
				CLANG_WARN_SUSPICIOUS_MOVE = YES;
				CLANG_WARN_UNGUARDED_AVAILABILITY = YES_AGGRESSIVE;
				CLANG_WARN_UNREACHABLE_CODE = YES;
				CLANG_WARN__DUPLICATE_METHOD_MATCH = YES;
				COPY_PHASE_STRIP = NO;
				DEBUG_INFORMATION_FORMAT = dwarf;
				ENABLE_STRICT_OBJC_MSGSEND = YES;
				ENABLE_TESTABILITY = YES;
				ENABLE_USER_SCRIPT_SANDBOXING = YES;
				GCC_C_LANGUAGE_STANDARD = gnu17;
				GCC_DYNAMIC_NO_PIC = NO;
				GCC_NO_COMMON_BLOCKS = YES;
				GCC_OPTIMIZATION_LEVEL = 0;
				GCC_PREPROCESSOR_DEFINITIONS = (
					"DEBUG=1",
					"$(inherited)",
				);
				GCC_WARN_64_TO_32_BIT_CONVERSION = YES;
				GCC_WARN_ABOUT_RETURN_TYPE = YES_ERROR;
				GCC_WARN_UNDECLARED_SELECTOR = YES;
				GCC_WARN_UNINITIALIZED_AUTOS = YES_AGGRESSIVE;
				GCC_WARN_UNUSED_FUNCTION = YES;
				GCC_WARN_UNUSED_VARIABLE = YES;
				LOCALIZATION_PREFERS_STRING_CATALOGS = YES;
				MACOSX_DEPLOYMENT_TARGET = 14.4;
				MTL_ENABLE_DEBUG_INFO = INCLUDE_SOURCE;
				MTL_FAST_MATH = YES;
				ONLY_ACTIVE_ARCH = YES;
				SDKROOT = macosx;
				SWIFT_ACTIVE_COMPILATION_CONDITIONS = "DEBUG $(inherited)";
				SWIFT_OPTIMIZATION_LEVEL = "-Onone";
			};
			name = Debug;
		};
		1FEA7D182BE8E86A00EF2ED2 /* Release */ = {
			isa = XCBuildConfiguration;
			buildSettings = {
				ALWAYS_SEARCH_USER_PATHS = NO;
				ASSETCATALOG_COMPILER_GENERATE_SWIFT_ASSET_SYMBOL_EXTENSIONS = YES;
				CLANG_ANALYZER_NONNULL = YES;
				CLANG_ANALYZER_NUMBER_OBJECT_CONVERSION = YES_AGGRESSIVE;
				CLANG_CXX_LANGUAGE_STANDARD = "gnu++20";
				CLANG_ENABLE_MODULES = YES;
				CLANG_ENABLE_OBJC_ARC = YES;
				CLANG_ENABLE_OBJC_WEAK = YES;
				CLANG_WARN_BLOCK_CAPTURE_AUTORELEASING = YES;
				CLANG_WARN_BOOL_CONVERSION = YES;
				CLANG_WARN_COMMA = YES;
				CLANG_WARN_CONSTANT_CONVERSION = YES;
				CLANG_WARN_DEPRECATED_OBJC_IMPLEMENTATIONS = YES;
				CLANG_WARN_DIRECT_OBJC_ISA_USAGE = YES_ERROR;
				CLANG_WARN_DOCUMENTATION_COMMENTS = YES;
				CLANG_WARN_EMPTY_BODY = YES;
				CLANG_WARN_ENUM_CONVERSION = YES;
				CLANG_WARN_INFINITE_RECURSION = YES;
				CLANG_WARN_INT_CONVERSION = YES;
				CLANG_WARN_NON_LITERAL_NULL_CONVERSION = YES;
				CLANG_WARN_OBJC_IMPLICIT_RETAIN_SELF = YES;
				CLANG_WARN_OBJC_LITERAL_CONVERSION = YES;
				CLANG_WARN_OBJC_ROOT_CLASS = YES_ERROR;
				CLANG_WARN_QUOTED_INCLUDE_IN_FRAMEWORK_HEADER = YES;
				CLANG_WARN_RANGE_LOOP_ANALYSIS = YES;
				CLANG_WARN_STRICT_PROTOTYPES = YES;
				CLANG_WARN_SUSPICIOUS_MOVE = YES;
				CLANG_WARN_UNGUARDED_AVAILABILITY = YES_AGGRESSIVE;
				CLANG_WARN_UNREACHABLE_CODE = YES;
				CLANG_WARN__DUPLICATE_METHOD_MATCH = YES;
				COPY_PHASE_STRIP = NO;
				DEBUG_INFORMATION_FORMAT = "dwarf-with-dsym";
				ENABLE_NS_ASSERTIONS = NO;
				ENABLE_STRICT_OBJC_MSGSEND = YES;
				ENABLE_USER_SCRIPT_SANDBOXING = YES;
				GCC_C_LANGUAGE_STANDARD = gnu17;
				GCC_NO_COMMON_BLOCKS = YES;
				GCC_WARN_64_TO_32_BIT_CONVERSION = YES;
				GCC_WARN_ABOUT_RETURN_TYPE = YES_ERROR;
				GCC_WARN_UNDECLARED_SELECTOR = YES;
				GCC_WARN_UNINITIALIZED_AUTOS = YES_AGGRESSIVE;
				GCC_WARN_UNUSED_FUNCTION = YES;
				GCC_WARN_UNUSED_VARIABLE = YES;
				LOCALIZATION_PREFERS_STRING_CATALOGS = YES;
				MACOSX_DEPLOYMENT_TARGET = 14.4;
				MTL_ENABLE_DEBUG_INFO = NO;
				MTL_FAST_MATH = YES;
				SDKROOT = macosx;
				SWIFT_COMPILATION_MODE = wholemodule;
			};
			name = Release;
		};
		1FEA7D1A2BE8E86A00EF2ED2 /* Debug */ = {
			isa = XCBuildConfiguration;
			buildSettings = {
				CODE_SIGN_ENTITLEMENTS = "Proton Pass Extension/Proton Pass Extension.entitlements";
				"CODE_SIGN_IDENTITY[sdk=macosx*]" = "-";
				CODE_SIGN_STYLE = Automatic;
				CURRENT_PROJECT_VERSION = 1;
				DEVELOPMENT_TEAM = "";
				ENABLE_HARDENED_RUNTIME = YES;
				GENERATE_INFOPLIST_FILE = YES;
				INFOPLIST_FILE = "Proton Pass Extension/Info.plist";
				INFOPLIST_KEY_CFBundleDisplayName = "Proton Pass Extension";
				INFOPLIST_KEY_NSHumanReadableCopyright = "";
				LD_RUNPATH_SEARCH_PATHS = (
					"$(inherited)",
					"@executable_path/../Frameworks",
					"@executable_path/../../../../Frameworks",
				);
				MACOSX_DEPLOYMENT_TARGET = 10.14;
				MARKETING_VERSION = 1.0;
				OTHER_LDFLAGS = (
					"-framework",
					SafariServices,
				);
				PRODUCT_BUNDLE_IDENTIFIER = "me.proton.safari-pass.Extension";
				PRODUCT_NAME = "$(TARGET_NAME)";
				SKIP_INSTALL = YES;
				SWIFT_EMIT_LOC_STRINGS = YES;
				SWIFT_VERSION = 5.0;
			};
			name = Debug;
		};
		1FEA7D1B2BE8E86A00EF2ED2 /* Release */ = {
			isa = XCBuildConfiguration;
			buildSettings = {
				CODE_SIGN_ENTITLEMENTS = "Proton Pass Extension/Proton Pass Extension.entitlements";
				"CODE_SIGN_IDENTITY[sdk=macosx*]" = "-";
				CODE_SIGN_STYLE = Automatic;
				CURRENT_PROJECT_VERSION = 1;
				DEVELOPMENT_TEAM = "";
				ENABLE_HARDENED_RUNTIME = YES;
				GENERATE_INFOPLIST_FILE = YES;
				INFOPLIST_FILE = "Proton Pass Extension/Info.plist";
				INFOPLIST_KEY_CFBundleDisplayName = "Proton Pass Extension";
				INFOPLIST_KEY_NSHumanReadableCopyright = "";
				LD_RUNPATH_SEARCH_PATHS = (
					"$(inherited)",
					"@executable_path/../Frameworks",
					"@executable_path/../../../../Frameworks",
				);
				MACOSX_DEPLOYMENT_TARGET = 10.14;
				MARKETING_VERSION = 1.0;
				OTHER_LDFLAGS = (
					"-framework",
					SafariServices,
				);
				PRODUCT_BUNDLE_IDENTIFIER = "me.proton.safari-pass.Extension";
				PRODUCT_NAME = "$(TARGET_NAME)";
				SKIP_INSTALL = YES;
				SWIFT_EMIT_LOC_STRINGS = YES;
				SWIFT_VERSION = 5.0;
			};
			name = Release;
		};
		1FEA7D1E2BE8E86A00EF2ED2 /* Debug */ = {
			isa = XCBuildConfiguration;
			buildSettings = {
				ALWAYS_EMBED_SWIFT_STANDARD_LIBRARIES = YES;
				ASSETCATALOG_COMPILER_APPICON_NAME = AppIcon;
				ASSETCATALOG_COMPILER_GLOBAL_ACCENT_COLOR_NAME = AccentColor;
				CODE_SIGN_ENTITLEMENTS = "Proton Pass/Proton Pass.entitlements";
				"CODE_SIGN_IDENTITY[sdk=macosx*]" = "-";
				CODE_SIGN_STYLE = Automatic;
				COMBINE_HIDPI_IMAGES = YES;
				CURRENT_PROJECT_VERSION = 1;
				DEVELOPMENT_TEAM = SX779MTYR9;
				ENABLE_HARDENED_RUNTIME = YES;
				GENERATE_INFOPLIST_FILE = YES;
				INFOPLIST_FILE = "Proton Pass/Info.plist";
				INFOPLIST_KEY_CFBundleDisplayName = "Proton Pass";
				INFOPLIST_KEY_NSHumanReadableCopyright = "";
				INFOPLIST_KEY_NSMainStoryboardFile = Main;
				INFOPLIST_KEY_NSPrincipalClass = NSApplication;
				LD_RUNPATH_SEARCH_PATHS = (
					"$(inherited)",
					"@executable_path/../Frameworks",
				);
				MACOSX_DEPLOYMENT_TARGET = 10.14;
				MARKETING_VERSION = 1.0;
				OTHER_LDFLAGS = (
					"-framework",
					SafariServices,
					"-framework",
					WebKit,
				);
				PRODUCT_BUNDLE_IDENTIFIER = "me.proton.safari-pass";
				PRODUCT_NAME = "$(TARGET_NAME)";
				SWIFT_EMIT_LOC_STRINGS = YES;
				SWIFT_VERSION = 5.0;
			};
			name = Debug;
		};
		1FEA7D1F2BE8E86A00EF2ED2 /* Release */ = {
			isa = XCBuildConfiguration;
			buildSettings = {
				ALWAYS_EMBED_SWIFT_STANDARD_LIBRARIES = YES;
				ASSETCATALOG_COMPILER_APPICON_NAME = AppIcon;
				ASSETCATALOG_COMPILER_GLOBAL_ACCENT_COLOR_NAME = AccentColor;
				CODE_SIGN_ENTITLEMENTS = "Proton Pass/Proton Pass.entitlements";
				CODE_SIGN_STYLE = Automatic;
				COMBINE_HIDPI_IMAGES = YES;
				CURRENT_PROJECT_VERSION = 1;
				DEVELOPMENT_TEAM = "";
				ENABLE_HARDENED_RUNTIME = YES;
				GENERATE_INFOPLIST_FILE = YES;
				INFOPLIST_FILE = "Proton Pass/Info.plist";
				INFOPLIST_KEY_CFBundleDisplayName = "Proton Pass";
				INFOPLIST_KEY_NSHumanReadableCopyright = "";
				INFOPLIST_KEY_NSMainStoryboardFile = Main;
				INFOPLIST_KEY_NSPrincipalClass = NSApplication;
				LD_RUNPATH_SEARCH_PATHS = (
					"$(inherited)",
					"@executable_path/../Frameworks",
				);
				MACOSX_DEPLOYMENT_TARGET = 10.14;
				MARKETING_VERSION = 1.0;
				OTHER_LDFLAGS = (
					"-framework",
					SafariServices,
					"-framework",
					WebKit,
				);
				PRODUCT_BUNDLE_IDENTIFIER = "me.proton.safari-pass";
				PRODUCT_NAME = "$(TARGET_NAME)";
				SWIFT_EMIT_LOC_STRINGS = YES;
				SWIFT_VERSION = 5.0;
			};
			name = Release;
		};
/* End XCBuildConfiguration section */

/* Begin XCConfigurationList section */
		1FEA7CEC2BE8E86900EF2ED2 /* Build configuration list for PBXProject "Proton Pass" */ = {
			isa = XCConfigurationList;
			buildConfigurations = (
				1FEA7D172BE8E86A00EF2ED2 /* Debug */,
				1FEA7D182BE8E86A00EF2ED2 /* Release */,
			);
			defaultConfigurationIsVisible = 0;
			defaultConfigurationName = Release;
		};
		1FEA7D192BE8E86A00EF2ED2 /* Build configuration list for PBXNativeTarget "Proton Pass Extension" */ = {
			isa = XCConfigurationList;
			buildConfigurations = (
				1FEA7D1A2BE8E86A00EF2ED2 /* Debug */,
				1FEA7D1B2BE8E86A00EF2ED2 /* Release */,
			);
			defaultConfigurationIsVisible = 0;
			defaultConfigurationName = Release;
		};
		1FEA7D1D2BE8E86A00EF2ED2 /* Build configuration list for PBXNativeTarget "Proton Pass" */ = {
			isa = XCConfigurationList;
			buildConfigurations = (
				1FEA7D1E2BE8E86A00EF2ED2 /* Debug */,
				1FEA7D1F2BE8E86A00EF2ED2 /* Release */,
			);
			defaultConfigurationIsVisible = 0;
			defaultConfigurationName = Release;
		};
/* End XCConfigurationList section */
	};
	rootObject = 1FEA7CE92BE8E86900EF2ED2 /* Project object */;
}
